Microsoft Visual Studio Solution File, Format Version 12.00
# Visual Studio 2013
Project("{8BC9CEB8-8B4A-11D0-8D11-00A0C91BC942}") = "ALL_BUILD", "ALL_BUILD.vcxproj", "{8227EDEF-1EB5-4996-860F-2221280533BE}"
	ProjectSection(ProjectDependencies) = postProject
		{83692024-40B5-4BFB-9DA0-BEDFD9DA01EA} = {83692024-40B5-4BFB-9DA0-BEDFD9DA01EA}
		{0D06374D-3E68-4025-B353-4355663F14DE} = {0D06374D-3E68-4025-B353-4355663F14DE}
		{CE6E72DC-BD61-4056-BEA5-54E626538390} = {CE6E72DC-BD61-4056-BEA5-54E626538390}
		{C0053052-B70B-4C46-890A-B8F0CD184936} = {C0053052-B70B-4C46-890A-B8F0CD184936}
		{6D9EA8E9-38A3-4459-BD76-B07480578DDA} = {6D9EA8E9-38A3-4459-BD76-B07480578DDA}
		{7226A400-1C98-46CF-8AC7-158E73187345} = {7226A400-1C98-46CF-8AC7-158E73187345}
		{F23A750E-A68F-44D1-8F51-ED71E0C3FA63} = {F23A750E-A68F-44D1-8F51-ED71E0C3FA63}
		{E8ECE9A9-44DA-4A28-A2D0-B1FCC4BF5F4F} = {E8ECE9A9-44DA-4A28-A2D0-B1FCC4BF5F4F}
		{D4C241F9-B888-47FA-A7AE-52411AD2EA79} = {D4C241F9-B888-47FA-A7AE-52411AD2EA79}
		{0092E68A-1AD5-481D-9A88-3CE3C56F5296} = {0092E68A-1AD5-481D-9A88-3CE3C56F5296}
		{080F5BEA-AFF8-4FB2-901A-A5432EEEE688} = {080F5BEA-AFF8-4FB2-901A-A5432EEEE688}
		{4EC626F5-B7B0-47DD-B126-373671399534} = {4EC626F5-B7B0-47DD-B126-373671399534}
		{C71FD2C2-40F3-4C4E-BEA0-A805657B3500} = {C71FD2C2-40F3-4C4E-BEA0-A805657B3500}
		{00E97B46-2555-4A4D-93C3-BF5054ADC962} = {00E97B46-2555-4A4D-93C3-BF5054ADC962}
		{8B568CC0-1E38-46F4-9CAF-20BC3D3BDB4A} = {8B568CC0-1E38-46F4-9CAF-20BC3D3BDB4A}
		{53E89D84-84A6-4F78-9438-CE85833F246A} = {53E89D84-84A6-4F78-9438-CE85833F246A}
		{084B7EA0-5A97-41C6-A9E7-A0B6658BA3CB} = {084B7EA0-5A97-41C6-A9E7-A0B6658BA3CB}
		{434A6B11-BE80-453D-8E52-6E92B8F8BB8A} = {434A6B11-BE80-453D-8E52-6E92B8F8BB8A}
		{8FF9B185-2E0F-4638-A0F8-637F9A22CD06} = {8FF9B185-2E0F-4638-A0F8-637F9A22CD06}
		{00ACB9AB-1E13-4E8A-A89C-9417B9EAE62F} = {00ACB9AB-1E13-4E8A-A89C-9417B9EAE62F}
		{0D17E14F-C3BC-4BF5-914C-248E7683FFCC} = {0D17E14F-C3BC-4BF5-914C-248E7683FFCC}
		{C5721397-63F0-4D96-B63C-9063EA1AA28E} = {C5721397-63F0-4D96-B63C-9063EA1AA28E}
		{452E05C5-7EC3-4A5F-A904-D18D5C382074} = {452E05C5-7EC3-4A5F-A904-D18D5C382074}
		{1B996A3C-100D-406E-BC8D-4AF13AF34856} = {1B996A3C-100D-406E-BC8D-4AF13AF34856}
		{8BC06EBE-366E-4803-AA17-9A3695D62ECA} = {8BC06EBE-366E-4803-AA17-9A3695D62ECA}
		{1801AF20-A3F6-46A2-8749-FB4E9CB2E3A3} = {1801AF20-A3F6-46A2-8749-FB4E9CB2E3A3}
		{25E7012A-A0CA-4D59-9617-4B48F9DC0A9A} = {25E7012A-A0CA-4D59-9617-4B48F9DC0A9A}
		{D0A788A4-E5A1-4AB5-B81E-F10E61C6118A} = {D0A788A4-E5A1-4AB5-B81E-F10E61C6118A}
		{72EE22DD-A5A3-4B4A-8162-E5C18C9DC611} = {72EE22DD-A5A3-4B4A-8162-E5C18C9DC611}
		{B8A2FA79-9428-4A7E-992B-47A7DC554921} = {B8A2FA79-9428-4A7E-992B-47A7DC554921}
		{D198E710-CF47-4D47-8C30-0571149CE3B8} = {D198E710-CF47-4D47-8C30-0571149CE3B8}
		{AC677A9D-1FF7-461B-AF60-5959D2BC178A} = {AC677A9D-1FF7-461B-AF60-5959D2BC178A}
		{B4A2119F-DB23-454B-BF8F-ACE774AFD04B} = {B4A2119F-DB23-454B-BF8F-ACE774AFD04B}
		{2CC2EA00-D85F-4215-B508-02E8067328AE} = {2CC2EA00-D85F-4215-B508-02E8067328AE}
		{1F9D2C21-35FE-4294-BE07-7C971EFB1592} = {1F9D2C21-35FE-4294-BE07-7C971EFB1592}
		{C5E89E79-A97D-4E06-BC35-A87F3B7B9FF9} = {C5E89E79-A97D-4E06-BC35-A87F3B7B9FF9}
		{C65FBF81-C0DC-4A41-9EAA-8E08B8BF5537} = {C65FBF81-C0DC-4A41-9EAA-8E08B8BF5537}
		{7E8C3888-4B2A-408F-B3D1-341D26AAAA60} = {7E8C3888-4B2A-408F-B3D1-341D26AAAA60}
		{C0CF0335-71C3-403B-8DEB-23157302FB23} = {C0CF0335-71C3-403B-8DEB-23157302FB23}
		{3C547402-6955-4C97-A1D7-D7C11A884DE2} = {3C547402-6955-4C97-A1D7-D7C11A884DE2}
		{39EF7E76-CB7F-41F5-938D-95C2D7C9BCB2} = {39EF7E76-CB7F-41F5-938D-95C2D7C9BCB2}
		{2FE7BA26-76E7-4365-8688-6962FF1BDAE6} = {2FE7BA26-76E7-4365-8688-6962FF1BDAE6}
		{61841413-D3A6-4B35-A613-F342F253A67A} = {61841413-D3A6-4B35-A613-F342F253A67A}
		{A37ED4A4-AF50-4546-9CDD-AB1EA24628D4} = {A37ED4A4-AF50-4546-9CDD-AB1EA24628D4}
		{48050885-F1F2-4FE0-BBAA-40765B544697} = {48050885-F1F2-4FE0-BBAA-40765B544697}
		{C95BE026-117A-4147-9996-8C19B3293DA9} = {C95BE026-117A-4147-9996-8C19B3293DA9}
		{C4B89FFC-4F04-498A-B309-1B7B0DDD7C2F} = {C4B89FFC-4F04-498A-B309-1B7B0DDD7C2F}
		{B2D6DCAD-826B-42FF-8168-6D75C130D98F} = {B2D6DCAD-826B-42FF-8168-6D75C130D98F}
		{390FD029-6BB3-4AF6-971C-B1AFC3ADF503} = {390FD029-6BB3-4AF6-971C-B1AFC3ADF503}
		{D8A7A6D7-8C43-43F0-8B51-766AA6BC4BD0} = {D8A7A6D7-8C43-43F0-8B51-766AA6BC4BD0}
		{C87E2C3C-4DB1-4CEA-AAFC-385D1301C45A} = {C87E2C3C-4DB1-4CEA-AAFC-385D1301C45A}
		{7371C9DA-767C-42E6-8737-121CCF2EB8B7} = {7371C9DA-767C-42E6-8737-121CCF2EB8B7}
		{2A9AA756-1212-4DDB-96F8-ED41EADCC851} = {2A9AA756-1212-4DDB-96F8-ED41EADCC851}
		{C4EA8238-0E86-4BDE-ADB2-5FE31EF3E771} = {C4EA8238-0E86-4BDE-ADB2-5FE31EF3E771}
		{1CAE9548-E9B4-4D2A-8005-9626B0A17106} = {1CAE9548-E9B4-4D2A-8005-9626B0A17106}
		{8B2E4BC9-3A8E-4689-9486-4250E89F7933} = {8B2E4BC9-3A8E-4689-9486-4250E89F7933}
		{C732BD5D-96C3-4536-AD1A-6307A450A75A} = {C732BD5D-96C3-4536-AD1A-6307A450A75A}
		{8FD2C0FC-55C6-4518-BA26-0D3CF2AFB14A} = {8FD2C0FC-55C6-4518-BA26-0D3CF2AFB14A}
		{F5608FEC-EF45-4930-9AB1-154A58EE02FF} = {F5608FEC-EF45-4930-9AB1-154A58EE02FF}
	EndProjectSection
EndProject
Project("{8BC9CEB8-8B4A-11D0-8D11-00A0C91BC942}") = "INSTALL", "INSTALL.vcxproj", "{FF12FA7A-E5D7-401D-8278-C63E9DFF89DC}"
	ProjectSection(ProjectDependencies) = postProject
		{8227EDEF-1EB5-4996-860F-2221280533BE} = {8227EDEF-1EB5-4996-860F-2221280533BE}
	EndProjectSection
EndProject
Project("{8BC9CEB8-8B4A-11D0-8D11-00A0C91BC942}") = "RUN_TESTS", "RUN_TESTS.vcxproj", "{C39541CF-884F-4AF3-A114-5666DF039678}"
	ProjectSection(ProjectDependencies) = postProject
	EndProjectSection
EndProject
Project("{8BC9CEB8-8B4A-11D0-8D11-00A0C91BC942}") = "ZERO_CHECK", "ZERO_CHECK.vcxproj", "{83692024-40B5-4BFB-9DA0-BEDFD9DA01EA}"
	ProjectSection(ProjectDependencies) = postProject
	EndProjectSection
EndProject
Project("{8BC9CEB8-8B4A-11D0-8D11-00A0C91BC942}") = "gtest", "gtest.vcxproj", "{0D06374D-3E68-4025-B353-4355663F14DE}"
	ProjectSection(ProjectDependencies) = postProject
		{83692024-40B5-4BFB-9DA0-BEDFD9DA01EA} = {83692024-40B5-4BFB-9DA0-BEDFD9DA01EA}
	EndProjectSection
EndProject
Project("{8BC9CEB8-8B4A-11D0-8D11-00A0C91BC942}") = "gtest-death-test_ex_catch_test", "gtest-death-test_ex_catch_test.vcxproj", "{CE6E72DC-BD61-4056-BEA5-54E626538390}"
	ProjectSection(ProjectDependencies) = postProject
		{83692024-40B5-4BFB-9DA0-BEDFD9DA01EA} = {83692024-40B5-4BFB-9DA0-BEDFD9DA01EA}
		{0D06374D-3E68-4025-B353-4355663F14DE} = {0D06374D-3E68-4025-B353-4355663F14DE}
	EndProjectSection
EndProject
Project("{8BC9CEB8-8B4A-11D0-8D11-00A0C91BC942}") = "gtest-death-test_ex_nocatch_test", "gtest-death-test_ex_nocatch_test.vcxproj", "{C0053052-B70B-4C46-890A-B8F0CD184936}"
	ProjectSection(ProjectDependencies) = postProject
		{83692024-40B5-4BFB-9DA0-BEDFD9DA01EA} = {83692024-40B5-4BFB-9DA0-BEDFD9DA01EA}
		{0D06374D-3E68-4025-B353-4355663F14DE} = {0D06374D-3E68-4025-B353-4355663F14DE}
	EndProjectSection
EndProject
Project("{8BC9CEB8-8B4A-11D0-8D11-00A0C91BC942}") = "gtest-death-test_test", "gtest-death-test_test.vcxproj", "{6D9EA8E9-38A3-4459-BD76-B07480578DDA}"
	ProjectSection(ProjectDependencies) = postProject
		{83692024-40B5-4BFB-9DA0-BEDFD9DA01EA} = {83692024-40B5-4BFB-9DA0-BEDFD9DA01EA}
		{0D06374D-3E68-4025-B353-4355663F14DE} = {0D06374D-3E68-4025-B353-4355663F14DE}
		{D0A788A4-E5A1-4AB5-B81E-F10E61C6118A} = {D0A788A4-E5A1-4AB5-B81E-F10E61C6118A}
	EndProjectSection
EndProject
Project("{8BC9CEB8-8B4A-11D0-8D11-00A0C91BC942}") = "gtest-filepath_test", "gtest-filepath_test.vcxproj", "{7226A400-1C98-46CF-8AC7-158E73187345}"
	ProjectSection(ProjectDependencies) = postProject
		{83692024-40B5-4BFB-9DA0-BEDFD9DA01EA} = {83692024-40B5-4BFB-9DA0-BEDFD9DA01EA}
		{0D06374D-3E68-4025-B353-4355663F14DE} = {0D06374D-3E68-4025-B353-4355663F14DE}
		{D0A788A4-E5A1-4AB5-B81E-F10E61C6118A} = {D0A788A4-E5A1-4AB5-B81E-F10E61C6118A}
	EndProjectSection
EndProject
Project("{8BC9CEB8-8B4A-11D0-8D11-00A0C91BC942}") = "gtest-linked_ptr_test", "gtest-linked_ptr_test.vcxproj", "{F23A750E-A68F-44D1-8F51-ED71E0C3FA63}"
	ProjectSection(ProjectDependencies) = postProject
		{83692024-40B5-4BFB-9DA0-BEDFD9DA01EA} = {83692024-40B5-4BFB-9DA0-BEDFD9DA01EA}
		{0D06374D-3E68-4025-B353-4355663F14DE} = {0D06374D-3E68-4025-B353-4355663F14DE}
		{D0A788A4-E5A1-4AB5-B81E-F10E61C6118A} = {D0A788A4-E5A1-4AB5-B81E-F10E61C6118A}
	EndProjectSection
EndProject
Project("{8BC9CEB8-8B4A-11D0-8D11-00A0C91BC942}") = "gtest-listener_test", "gtest-listener_test.vcxproj", "{E8ECE9A9-44DA-4A28-A2D0-B1FCC4BF5F4F}"
	ProjectSection(ProjectDependencies) = postProject
		{83692024-40B5-4BFB-9DA0-BEDFD9DA01EA} = {83692024-40B5-4BFB-9DA0-BEDFD9DA01EA}
		{0D06374D-3E68-4025-B353-4355663F14DE} = {0D06374D-3E68-4025-B353-4355663F14DE}
		{D0A788A4-E5A1-4AB5-B81E-F10E61C6118A} = {D0A788A4-E5A1-4AB5-B81E-F10E61C6118A}
	EndProjectSection
EndProject
Project("{8BC9CEB8-8B4A-11D0-8D11-00A0C91BC942}") = "gtest-message_test", "gtest-message_test.vcxproj", "{D4C241F9-B888-47FA-A7AE-52411AD2EA79}"
	ProjectSection(ProjectDependencies) = postProject
		{83692024-40B5-4BFB-9DA0-BEDFD9DA01EA} = {83692024-40B5-4BFB-9DA0-BEDFD9DA01EA}
		{0D06374D-3E68-4025-B353-4355663F14DE} = {0D06374D-3E68-4025-B353-4355663F14DE}
		{D0A788A4-E5A1-4AB5-B81E-F10E61C6118A} = {D0A788A4-E5A1-4AB5-B81E-F10E61C6118A}
	EndProjectSection
EndProject
Project("{8BC9CEB8-8B4A-11D0-8D11-00A0C91BC942}") = "gtest-options_test", "gtest-options_test.vcxproj", "{0092E68A-1AD5-481D-9A88-3CE3C56F5296}"
	ProjectSection(ProjectDependencies) = postProject
		{83692024-40B5-4BFB-9DA0-BEDFD9DA01EA} = {83692024-40B5-4BFB-9DA0-BEDFD9DA01EA}
		{0D06374D-3E68-4025-B353-4355663F14DE} = {0D06374D-3E68-4025-B353-4355663F14DE}
		{D0A788A4-E5A1-4AB5-B81E-F10E61C6118A} = {D0A788A4-E5A1-4AB5-B81E-F10E61C6118A}
	EndProjectSection
EndProject
Project("{8BC9CEB8-8B4A-11D0-8D11-00A0C91BC942}") = "gtest-param-test_test", "gtest-param-test_test.vcxproj", "{080F5BEA-AFF8-4FB2-901A-A5432EEEE688}"
	ProjectSection(ProjectDependencies) = postProject
		{83692024-40B5-4BFB-9DA0-BEDFD9DA01EA} = {83692024-40B5-4BFB-9DA0-BEDFD9DA01EA}
		{0D06374D-3E68-4025-B353-4355663F14DE} = {0D06374D-3E68-4025-B353-4355663F14DE}
	EndProjectSection
EndProject
Project("{8BC9CEB8-8B4A-11D0-8D11-00A0C91BC942}") = "gtest-port_test", "gtest-port_test.vcxproj", "{4EC626F5-B7B0-47DD-B126-373671399534}"
	ProjectSection(ProjectDependencies) = postProject
		{83692024-40B5-4BFB-9DA0-BEDFD9DA01EA} = {83692024-40B5-4BFB-9DA0-BEDFD9DA01EA}
		{0D06374D-3E68-4025-B353-4355663F14DE} = {0D06374D-3E68-4025-B353-4355663F14DE}
		{D0A788A4-E5A1-4AB5-B81E-F10E61C6118A} = {D0A788A4-E5A1-4AB5-B81E-F10E61C6118A}
	EndProjectSection
EndProject
Project("{8BC9CEB8-8B4A-11D0-8D11-00A0C91BC942}") = "gtest-printers_test", "gtest-printers_test.vcxproj", "{C71FD2C2-40F3-4C4E-BEA0-A805657B3500}"
	ProjectSection(ProjectDependencies) = postProject
		{83692024-40B5-4BFB-9DA0-BEDFD9DA01EA} = {83692024-40B5-4BFB-9DA0-BEDFD9DA01EA}
		{0D06374D-3E68-4025-B353-4355663F14DE} = {0D06374D-3E68-4025-B353-4355663F14DE}
		{D0A788A4-E5A1-4AB5-B81E-F10E61C6118A} = {D0A788A4-E5A1-4AB5-B81E-F10E61C6118A}
	EndProjectSection
EndProject
Project("{8BC9CEB8-8B4A-11D0-8D11-00A0C91BC942}") = "gtest-test-part_test", "gtest-test-part_test.vcxproj", "{00E97B46-2555-4A4D-93C3-BF5054ADC962}"
	ProjectSection(ProjectDependencies) = postProject
		{83692024-40B5-4BFB-9DA0-BEDFD9DA01EA} = {83692024-40B5-4BFB-9DA0-BEDFD9DA01EA}
		{0D06374D-3E68-4025-B353-4355663F14DE} = {0D06374D-3E68-4025-B353-4355663F14DE}
		{D0A788A4-E5A1-4AB5-B81E-F10E61C6118A} = {D0A788A4-E5A1-4AB5-B81E-F10E61C6118A}
	EndProjectSection
EndProject
Project("{8BC9CEB8-8B4A-11D0-8D11-00A0C91BC942}") = "gtest-typed-test_test", "gtest-typed-test_test.vcxproj", "{8B568CC0-1E38-46F4-9CAF-20BC3D3BDB4A}"
	ProjectSection(ProjectDependencies) = postProject
		{83692024-40B5-4BFB-9DA0-BEDFD9DA01EA} = {83692024-40B5-4BFB-9DA0-BEDFD9DA01EA}
		{0D06374D-3E68-4025-B353-4355663F14DE} = {0D06374D-3E68-4025-B353-4355663F14DE}
		{D0A788A4-E5A1-4AB5-B81E-F10E61C6118A} = {D0A788A4-E5A1-4AB5-B81E-F10E61C6118A}
	EndProjectSection
EndProject
Project("{8BC9CEB8-8B4A-11D0-8D11-00A0C91BC942}") = "gtest-unittest-api_test", "gtest-unittest-api_test.vcxproj", "{53E89D84-84A6-4F78-9438-CE85833F246A}"
	ProjectSection(ProjectDependencies) = postProject
		{83692024-40B5-4BFB-9DA0-BEDFD9DA01EA} = {83692024-40B5-4BFB-9DA0-BEDFD9DA01EA}
		{0D06374D-3E68-4025-B353-4355663F14DE} = {0D06374D-3E68-4025-B353-4355663F14DE}
	EndProjectSection
EndProject
Project("{8BC9CEB8-8B4A-11D0-8D11-00A0C91BC942}") = "gtest_break_on_failure_unittest_", "gtest_break_on_failure_unittest_.vcxproj", "{084B7EA0-5A97-41C6-A9E7-A0B6658BA3CB}"
	ProjectSection(ProjectDependencies) = postProject
		{83692024-40B5-4BFB-9DA0-BEDFD9DA01EA} = {83692024-40B5-4BFB-9DA0-BEDFD9DA01EA}
		{0D06374D-3E68-4025-B353-4355663F14DE} = {0D06374D-3E68-4025-B353-4355663F14DE}
	EndProjectSection
EndProject
Project("{8BC9CEB8-8B4A-11D0-8D11-00A0C91BC942}") = "gtest_catch_exceptions_ex_test_", "gtest_catch_exceptions_ex_test_.vcxproj", "{434A6B11-BE80-453D-8E52-6E92B8F8BB8A}"
	ProjectSection(ProjectDependencies) = postProject
		{83692024-40B5-4BFB-9DA0-BEDFD9DA01EA} = {83692024-40B5-4BFB-9DA0-BEDFD9DA01EA}
		{0D06374D-3E68-4025-B353-4355663F14DE} = {0D06374D-3E68-4025-B353-4355663F14DE}
		{D0A788A4-E5A1-4AB5-B81E-F10E61C6118A} = {D0A788A4-E5A1-4AB5-B81E-F10E61C6118A}
	EndProjectSection
EndProject
Project("{8BC9CEB8-8B4A-11D0-8D11-00A0C91BC942}") = "gtest_catch_exceptions_no_ex_test_", "gtest_catch_exceptions_no_ex_test_.vcxproj", "{8FF9B185-2E0F-4638-A0F8-637F9A22CD06}"
	ProjectSection(ProjectDependencies) = postProject
		{83692024-40B5-4BFB-9DA0-BEDFD9DA01EA} = {83692024-40B5-4BFB-9DA0-BEDFD9DA01EA}
		{72EE22DD-A5A3-4B4A-8162-E5C18C9DC611} = {72EE22DD-A5A3-4B4A-8162-E5C18C9DC611}
	EndProjectSection
EndProject
Project("{8BC9CEB8-8B4A-11D0-8D11-00A0C91BC942}") = "gtest_color_test_", "gtest_color_test_.vcxproj", "{00ACB9AB-1E13-4E8A-A89C-9417B9EAE62F}"
	ProjectSection(ProjectDependencies) = postProject
		{83692024-40B5-4BFB-9DA0-BEDFD9DA01EA} = {83692024-40B5-4BFB-9DA0-BEDFD9DA01EA}
		{0D06374D-3E68-4025-B353-4355663F14DE} = {0D06374D-3E68-4025-B353-4355663F14DE}
	EndProjectSection
EndProject
Project("{8BC9CEB8-8B4A-11D0-8D11-00A0C91BC942}") = "gtest_dll", "gtest_dll.vcxproj", "{0D17E14F-C3BC-4BF5-914C-248E7683FFCC}"
	ProjectSection(ProjectDependencies) = postProject
		{83692024-40B5-4BFB-9DA0-BEDFD9DA01EA} = {83692024-40B5-4BFB-9DA0-BEDFD9DA01EA}
	EndProjectSection
EndProject
Project("{8BC9CEB8-8B4A-11D0-8D11-00A0C91BC942}") = "gtest_dll_test_", "gtest_dll_test_.vcxproj", "{C5721397-63F0-4D96-B63C-9063EA1AA28E}"
	ProjectSection(ProjectDependencies) = postProject
		{83692024-40B5-4BFB-9DA0-BEDFD9DA01EA} = {83692024-40B5-4BFB-9DA0-BEDFD9DA01EA}
		{0D17E14F-C3BC-4BF5-914C-248E7683FFCC} = {0D17E14F-C3BC-4BF5-914C-248E7683FFCC}
	EndProjectSection
EndProject
Project("{8BC9CEB8-8B4A-11D0-8D11-00A0C91BC942}") = "gtest_env_var_test_", "gtest_env_var_test_.vcxproj", "{452E05C5-7EC3-4A5F-A904-D18D5C382074}"
	ProjectSection(ProjectDependencies) = postProject
		{83692024-40B5-4BFB-9DA0-BEDFD9DA01EA} = {83692024-40B5-4BFB-9DA0-BEDFD9DA01EA}
		{0D06374D-3E68-4025-B353-4355663F14DE} = {0D06374D-3E68-4025-B353-4355663F14DE}
	EndProjectSection
EndProject
Project("{8BC9CEB8-8B4A-11D0-8D11-00A0C91BC942}") = "gtest_environment_test", "gtest_environment_test.vcxproj", "{1B996A3C-100D-406E-BC8D-4AF13AF34856}"
	ProjectSection(ProjectDependencies) = postProject
		{83692024-40B5-4BFB-9DA0-BEDFD9DA01EA} = {83692024-40B5-4BFB-9DA0-BEDFD9DA01EA}
		{0D06374D-3E68-4025-B353-4355663F14DE} = {0D06374D-3E68-4025-B353-4355663F14DE}
	EndProjectSection
EndProject
Project("{8BC9CEB8-8B4A-11D0-8D11-00A0C91BC942}") = "gtest_filter_unittest_", "gtest_filter_unittest_.vcxproj", "{8BC06EBE-366E-4803-AA17-9A3695D62ECA}"
	ProjectSection(ProjectDependencies) = postProject
		{83692024-40B5-4BFB-9DA0-BEDFD9DA01EA} = {83692024-40B5-4BFB-9DA0-BEDFD9DA01EA}
		{0D06374D-3E68-4025-B353-4355663F14DE} = {0D06374D-3E68-4025-B353-4355663F14DE}
	EndProjectSection
EndProject
Project("{8BC9CEB8-8B4A-11D0-8D11-00A0C91BC942}") = "gtest_help_test_", "gtest_help_test_.vcxproj", "{1801AF20-A3F6-46A2-8749-FB4E9CB2E3A3}"
	ProjectSection(ProjectDependencies) = postProject
		{83692024-40B5-4BFB-9DA0-BEDFD9DA01EA} = {83692024-40B5-4BFB-9DA0-BEDFD9DA01EA}
		{0D06374D-3E68-4025-B353-4355663F14DE} = {0D06374D-3E68-4025-B353-4355663F14DE}
		{D0A788A4-E5A1-4AB5-B81E-F10E61C6118A} = {D0A788A4-E5A1-4AB5-B81E-F10E61C6118A}
	EndProjectSection
EndProject
Project("{8BC9CEB8-8B4A-11D0-8D11-00A0C91BC942}") = "gtest_list_tests_unittest_", "gtest_list_tests_unittest_.vcxproj", "{25E7012A-A0CA-4D59-9617-4B48F9DC0A9A}"
	ProjectSection(ProjectDependencies) = postProject
		{83692024-40B5-4BFB-9DA0-BEDFD9DA01EA} = {83692024-40B5-4BFB-9DA0-BEDFD9DA01EA}
		{0D06374D-3E68-4025-B353-4355663F14DE} = {0D06374D-3E68-4025-B353-4355663F14DE}
	EndProjectSection
EndProject
Project("{8BC9CEB8-8B4A-11D0-8D11-00A0C91BC942}") = "gtest_main", "gtest_main.vcxproj", "{D0A788A4-E5A1-4AB5-B81E-F10E61C6118A}"
	ProjectSection(ProjectDependencies) = postProject
		{83692024-40B5-4BFB-9DA0-BEDFD9DA01EA} = {83692024-40B5-4BFB-9DA0-BEDFD9DA01EA}
		{0D06374D-3E68-4025-B353-4355663F14DE} = {0D06374D-3E68-4025-B353-4355663F14DE}
	EndProjectSection
EndProject
Project("{8BC9CEB8-8B4A-11D0-8D11-00A0C91BC942}") = "gtest_main_no_exception", "gtest_main_no_exception.vcxproj", "{72EE22DD-A5A3-4B4A-8162-E5C18C9DC611}"
	ProjectSection(ProjectDependencies) = postProject
		{83692024-40B5-4BFB-9DA0-BEDFD9DA01EA} = {83692024-40B5-4BFB-9DA0-BEDFD9DA01EA}
	EndProjectSection
EndProject
Project("{8BC9CEB8-8B4A-11D0-8D11-00A0C91BC942}") = "gtest_main_no_rtti", "gtest_main_no_rtti.vcxproj", "{B8A2FA79-9428-4A7E-992B-47A7DC554921}"
	ProjectSection(ProjectDependencies) = postProject
		{83692024-40B5-4BFB-9DA0-BEDFD9DA01EA} = {83692024-40B5-4BFB-9DA0-BEDFD9DA01EA}
	EndProjectSection
EndProject
Project("{8BC9CEB8-8B4A-11D0-8D11-00A0C91BC942}") = "gtest_main_unittest", "gtest_main_unittest.vcxproj", "{D198E710-CF47-4D47-8C30-0571149CE3B8}"
	ProjectSection(ProjectDependencies) = postProject
		{83692024-40B5-4BFB-9DA0-BEDFD9DA01EA} = {83692024-40B5-4BFB-9DA0-BEDFD9DA01EA}
		{0D06374D-3E68-4025-B353-4355663F14DE} = {0D06374D-3E68-4025-B353-4355663F14DE}
		{D0A788A4-E5A1-4AB5-B81E-F10E61C6118A} = {D0A788A4-E5A1-4AB5-B81E-F10E61C6118A}
	EndProjectSection
EndProject
Project("{8BC9CEB8-8B4A-11D0-8D11-00A0C91BC942}") = "gtest_no_exception", "gtest_no_exception.vcxproj", "{AC677A9D-1FF7-461B-AF60-5959D2BC178A}"
	ProjectSection(ProjectDependencies) = postProject
		{83692024-40B5-4BFB-9DA0-BEDFD9DA01EA} = {83692024-40B5-4BFB-9DA0-BEDFD9DA01EA}
	EndProjectSection
EndProject
Project("{8BC9CEB8-8B4A-11D0-8D11-00A0C91BC942}") = "gtest_no_rtti_unittest", "gtest_no_rtti_unittest.vcxproj", "{B4A2119F-DB23-454B-BF8F-ACE774AFD04B}"
	ProjectSection(ProjectDependencies) = postProject
		{83692024-40B5-4BFB-9DA0-BEDFD9DA01EA} = {83692024-40B5-4BFB-9DA0-BEDFD9DA01EA}
		{B8A2FA79-9428-4A7E-992B-47A7DC554921} = {B8A2FA79-9428-4A7E-992B-47A7DC554921}
	EndProjectSection
EndProject
Project("{8BC9CEB8-8B4A-11D0-8D11-00A0C91BC942}") = "gtest_no_test_unittest", "gtest_no_test_unittest.vcxproj", "{2CC2EA00-D85F-4215-B508-02E8067328AE}"
	ProjectSection(ProjectDependencies) = postProject
		{83692024-40B5-4BFB-9DA0-BEDFD9DA01EA} = {83692024-40B5-4BFB-9DA0-BEDFD9DA01EA}
		{0D06374D-3E68-4025-B353-4355663F14DE} = {0D06374D-3E68-4025-B353-4355663F14DE}
	EndProjectSection
EndProject
Project("{8BC9CEB8-8B4A-11D0-8D11-00A0C91BC942}") = "gtest_output_test_", "gtest_output_test_.vcxproj", "{1F9D2C21-35FE-4294-BE07-7C971EFB1592}"
	ProjectSection(ProjectDependencies) = postProject
		{83692024-40B5-4BFB-9DA0-BEDFD9DA01EA} = {83692024-40B5-4BFB-9DA0-BEDFD9DA01EA}
		{0D06374D-3E68-4025-B353-4355663F14DE} = {0D06374D-3E68-4025-B353-4355663F14DE}
	EndProjectSection
EndProject
Project("{8BC9CEB8-8B4A-11D0-8D11-00A0C91BC942}") = "gtest_pred_impl_unittest", "gtest_pred_impl_unittest.vcxproj", "{C5E89E79-A97D-4E06-BC35-A87F3B7B9FF9}"
	ProjectSection(ProjectDependencies) = postProject
		{83692024-40B5-4BFB-9DA0-BEDFD9DA01EA} = {83692024-40B5-4BFB-9DA0-BEDFD9DA01EA}
		{0D06374D-3E68-4025-B353-4355663F14DE} = {0D06374D-3E68-4025-B353-4355663F14DE}
		{D0A788A4-E5A1-4AB5-B81E-F10E61C6118A} = {D0A788A4-E5A1-4AB5-B81E-F10E61C6118A}
	EndProjectSection
EndProject
Project("{8BC9CEB8-8B4A-11D0-8D11-00A0C91BC942}") = "gtest_premature_exit_test", "gtest_premature_exit_test.vcxproj", "{C65FBF81-C0DC-4A41-9EAA-8E08B8BF5537}"
	ProjectSection(ProjectDependencies) = postProject
		{83692024-40B5-4BFB-9DA0-BEDFD9DA01EA} = {83692024-40B5-4BFB-9DA0-BEDFD9DA01EA}
		{0D06374D-3E68-4025-B353-4355663F14DE} = {0D06374D-3E68-4025-B353-4355663F14DE}
	EndProjectSection
EndProject
Project("{8BC9CEB8-8B4A-11D0-8D11-00A0C91BC942}") = "gtest_prod_test", "gtest_prod_test.vcxproj", "{7E8C3888-4B2A-408F-B3D1-341D26AAAA60}"
	ProjectSection(ProjectDependencies) = postProject
		{83692024-40B5-4BFB-9DA0-BEDFD9DA01EA} = {83692024-40B5-4BFB-9DA0-BEDFD9DA01EA}
		{0D06374D-3E68-4025-B353-4355663F14DE} = {0D06374D-3E68-4025-B353-4355663F14DE}
		{D0A788A4-E5A1-4AB5-B81E-F10E61C6118A} = {D0A788A4-E5A1-4AB5-B81E-F10E61C6118A}
	EndProjectSection
EndProject
Project("{8BC9CEB8-8B4A-11D0-8D11-00A0C91BC942}") = "gtest_repeat_test", "gtest_repeat_test.vcxproj", "{C0CF0335-71C3-403B-8DEB-23157302FB23}"
	ProjectSection(ProjectDependencies) = postProject
		{83692024-40B5-4BFB-9DA0-BEDFD9DA01EA} = {83692024-40B5-4BFB-9DA0-BEDFD9DA01EA}
		{0D06374D-3E68-4025-B353-4355663F14DE} = {0D06374D-3E68-4025-B353-4355663F14DE}
	EndProjectSection
EndProject
Project("{8BC9CEB8-8B4A-11D0-8D11-00A0C91BC942}") = "gtest_shuffle_test_", "gtest_shuffle_test_.vcxproj", "{3C547402-6955-4C97-A1D7-D7C11A884DE2}"
	ProjectSection(ProjectDependencies) = postProject
		{83692024-40B5-4BFB-9DA0-BEDFD9DA01EA} = {83692024-40B5-4BFB-9DA0-BEDFD9DA01EA}
		{0D06374D-3E68-4025-B353-4355663F14DE} = {0D06374D-3E68-4025-B353-4355663F14DE}
	EndProjectSection
EndProject
Project("{8BC9CEB8-8B4A-11D0-8D11-00A0C91BC942}") = "gtest_sole_header_test", "gtest_sole_header_test.vcxproj", "{39EF7E76-CB7F-41F5-938D-95C2D7C9BCB2}"
	ProjectSection(ProjectDependencies) = postProject
		{83692024-40B5-4BFB-9DA0-BEDFD9DA01EA} = {83692024-40B5-4BFB-9DA0-BEDFD9DA01EA}
		{0D06374D-3E68-4025-B353-4355663F14DE} = {0D06374D-3E68-4025-B353-4355663F14DE}
		{D0A788A4-E5A1-4AB5-B81E-F10E61C6118A} = {D0A788A4-E5A1-4AB5-B81E-F10E61C6118A}
	EndProjectSection
EndProject
Project("{8BC9CEB8-8B4A-11D0-8D11-00A0C91BC942}") = "gtest_stress_test", "gtest_stress_test.vcxproj", "{2FE7BA26-76E7-4365-8688-6962FF1BDAE6}"
	ProjectSection(ProjectDependencies) = postProject
		{83692024-40B5-4BFB-9DA0-BEDFD9DA01EA} = {83692024-40B5-4BFB-9DA0-BEDFD9DA01EA}
		{0D06374D-3E68-4025-B353-4355663F14DE} = {0D06374D-3E68-4025-B353-4355663F14DE}
	EndProjectSection
EndProject
Project("{8BC9CEB8-8B4A-11D0-8D11-00A0C91BC942}") = "gtest_throw_on_failure_ex_test", "gtest_throw_on_failure_ex_test.vcxproj", "{61841413-D3A6-4B35-A613-F342F253A67A}"
	ProjectSection(ProjectDependencies) = postProject
		{83692024-40B5-4BFB-9DA0-BEDFD9DA01EA} = {83692024-40B5-4BFB-9DA0-BEDFD9DA01EA}
		{0D06374D-3E68-4025-B353-4355663F14DE} = {0D06374D-3E68-4025-B353-4355663F14DE}
	EndProjectSection
EndProject
Project("{8BC9CEB8-8B4A-11D0-8D11-00A0C91BC942}") = "gtest_throw_on_failure_test_", "gtest_throw_on_failure_test_.vcxproj", "{A37ED4A4-AF50-4546-9CDD-AB1EA24628D4}"
	ProjectSection(ProjectDependencies) = postProject
		{83692024-40B5-4BFB-9DA0-BEDFD9DA01EA} = {83692024-40B5-4BFB-9DA0-BEDFD9DA01EA}
		{AC677A9D-1FF7-461B-AF60-5959D2BC178A} = {AC677A9D-1FF7-461B-AF60-5959D2BC178A}
	EndProjectSection
EndProject
Project("{8BC9CEB8-8B4A-11D0-8D11-00A0C91BC942}") = "gtest_uninitialized_test_", "gtest_uninitialized_test_.vcxproj", "{48050885-F1F2-4FE0-BBAA-40765B544697}"
	ProjectSection(ProjectDependencies) = postProject
		{83692024-40B5-4BFB-9DA0-BEDFD9DA01EA} = {83692024-40B5-4BFB-9DA0-BEDFD9DA01EA}
		{0D06374D-3E68-4025-B353-4355663F14DE} = {0D06374D-3E68-4025-B353-4355663F14DE}
	EndProjectSection
EndProject
Project("{8BC9CEB8-8B4A-11D0-8D11-00A0C91BC942}") = "gtest_unittest", "gtest_unittest.vcxproj", "{C95BE026-117A-4147-9996-8C19B3293DA9}"
	ProjectSection(ProjectDependencies) = postProject
		{83692024-40B5-4BFB-9DA0-BEDFD9DA01EA} = {83692024-40B5-4BFB-9DA0-BEDFD9DA01EA}
		{0D06374D-3E68-4025-B353-4355663F14DE} = {0D06374D-3E68-4025-B353-4355663F14DE}
		{D0A788A4-E5A1-4AB5-B81E-F10E61C6118A} = {D0A788A4-E5A1-4AB5-B81E-F10E61C6118A}
	EndProjectSection
EndProject
Project("{8BC9CEB8-8B4A-11D0-8D11-00A0C91BC942}") = "gtest_xml_outfile1_test_", "gtest_xml_outfile1_test_.vcxproj", "{C4B89FFC-4F04-498A-B309-1B7B0DDD7C2F}"
	ProjectSection(ProjectDependencies) = postProject
		{83692024-40B5-4BFB-9DA0-BEDFD9DA01EA} = {83692024-40B5-4BFB-9DA0-BEDFD9DA01EA}
		{0D06374D-3E68-4025-B353-4355663F14DE} = {0D06374D-3E68-4025-B353-4355663F14DE}
		{D0A788A4-E5A1-4AB5-B81E-F10E61C6118A} = {D0A788A4-E5A1-4AB5-B81E-F10E61C6118A}
	EndProjectSection
EndProject
Project("{8BC9CEB8-8B4A-11D0-8D11-00A0C91BC942}") = "gtest_xml_outfile2_test_", "gtest_xml_outfile2_test_.vcxproj", "{B2D6DCAD-826B-42FF-8168-6D75C130D98F}"
	ProjectSection(ProjectDependencies) = postProject
		{83692024-40B5-4BFB-9DA0-BEDFD9DA01EA} = {83692024-40B5-4BFB-9DA0-BEDFD9DA01EA}
		{0D06374D-3E68-4025-B353-4355663F14DE} = {0D06374D-3E68-4025-B353-4355663F14DE}
		{D0A788A4-E5A1-4AB5-B81E-F10E61C6118A} = {D0A788A4-E5A1-4AB5-B81E-F10E61C6118A}
	EndProjectSection
EndProject
Project("{8BC9CEB8-8B4A-11D0-8D11-00A0C91BC942}") = "gtest_xml_output_unittest_", "gtest_xml_output_unittest_.vcxproj", "{390FD029-6BB3-4AF6-971C-B1AFC3ADF503}"
	ProjectSection(ProjectDependencies) = postProject
		{83692024-40B5-4BFB-9DA0-BEDFD9DA01EA} = {83692024-40B5-4BFB-9DA0-BEDFD9DA01EA}
		{0D06374D-3E68-4025-B353-4355663F14DE} = {0D06374D-3E68-4025-B353-4355663F14DE}
	EndProjectSection
EndProject
Project("{8BC9CEB8-8B4A-11D0-8D11-00A0C91BC942}") = "sample10_unittest", "sample10_unittest.vcxproj", "{D8A7A6D7-8C43-43F0-8B51-766AA6BC4BD0}"
	ProjectSection(ProjectDependencies) = postProject
		{83692024-40B5-4BFB-9DA0-BEDFD9DA01EA} = {83692024-40B5-4BFB-9DA0-BEDFD9DA01EA}
		{0D06374D-3E68-4025-B353-4355663F14DE} = {0D06374D-3E68-4025-B353-4355663F14DE}
	EndProjectSection
EndProject
Project("{8BC9CEB8-8B4A-11D0-8D11-00A0C91BC942}") = "sample1_unittest", "sample1_unittest.vcxproj", "{C87E2C3C-4DB1-4CEA-AAFC-385D1301C45A}"
	ProjectSection(ProjectDependencies) = postProject
		{83692024-40B5-4BFB-9DA0-BEDFD9DA01EA} = {83692024-40B5-4BFB-9DA0-BEDFD9DA01EA}
		{0D06374D-3E68-4025-B353-4355663F14DE} = {0D06374D-3E68-4025-B353-4355663F14DE}
		{D0A788A4-E5A1-4AB5-B81E-F10E61C6118A} = {D0A788A4-E5A1-4AB5-B81E-F10E61C6118A}
	EndProjectSection
EndProject
Project("{8BC9CEB8-8B4A-11D0-8D11-00A0C91BC942}") = "sample2_unittest", "sample2_unittest.vcxproj", "{7371C9DA-767C-42E6-8737-121CCF2EB8B7}"
	ProjectSection(ProjectDependencies) = postProject
		{83692024-40B5-4BFB-9DA0-BEDFD9DA01EA} = {83692024-40B5-4BFB-9DA0-BEDFD9DA01EA}
		{0D06374D-3E68-4025-B353-4355663F14DE} = {0D06374D-3E68-4025-B353-4355663F14DE}
		{D0A788A4-E5A1-4AB5-B81E-F10E61C6118A} = {D0A788A4-E5A1-4AB5-B81E-F10E61C6118A}
	EndProjectSection
EndProject
Project("{8BC9CEB8-8B4A-11D0-8D11-00A0C91BC942}") = "sample3_unittest", "sample3_unittest.vcxproj", "{2A9AA756-1212-4DDB-96F8-ED41EADCC851}"
	ProjectSection(ProjectDependencies) = postProject
		{83692024-40B5-4BFB-9DA0-BEDFD9DA01EA} = {83692024-40B5-4BFB-9DA0-BEDFD9DA01EA}
		{0D06374D-3E68-4025-B353-4355663F14DE} = {0D06374D-3E68-4025-B353-4355663F14DE}
		{D0A788A4-E5A1-4AB5-B81E-F10E61C6118A} = {D0A788A4-E5A1-4AB5-B81E-F10E61C6118A}
	EndProjectSection
EndProject
Project("{8BC9CEB8-8B4A-11D0-8D11-00A0C91BC942}") = "sample4_unittest", "sample4_unittest.vcxproj", "{C4EA8238-0E86-4BDE-ADB2-5FE31EF3E771}"
	ProjectSection(ProjectDependencies) = postProject
		{83692024-40B5-4BFB-9DA0-BEDFD9DA01EA} = {83692024-40B5-4BFB-9DA0-BEDFD9DA01EA}
		{0D06374D-3E68-4025-B353-4355663F14DE} = {0D06374D-3E68-4025-B353-4355663F14DE}
		{D0A788A4-E5A1-4AB5-B81E-F10E61C6118A} = {D0A788A4-E5A1-4AB5-B81E-F10E61C6118A}
	EndProjectSection
EndProject
Project("{8BC9CEB8-8B4A-11D0-8D11-00A0C91BC942}") = "sample5_unittest", "sample5_unittest.vcxproj", "{1CAE9548-E9B4-4D2A-8005-9626B0A17106}"
	ProjectSection(ProjectDependencies) = postProject
		{83692024-40B5-4BFB-9DA0-BEDFD9DA01EA} = {83692024-40B5-4BFB-9DA0-BEDFD9DA01EA}
		{0D06374D-3E68-4025-B353-4355663F14DE} = {0D06374D-3E68-4025-B353-4355663F14DE}
		{D0A788A4-E5A1-4AB5-B81E-F10E61C6118A} = {D0A788A4-E5A1-4AB5-B81E-F10E61C6118A}
	EndProjectSection
EndProject
Project("{8BC9CEB8-8B4A-11D0-8D11-00A0C91BC942}") = "sample6_unittest", "sample6_unittest.vcxproj", "{8B2E4BC9-3A8E-4689-9486-4250E89F7933}"
	ProjectSection(ProjectDependencies) = postProject
		{83692024-40B5-4BFB-9DA0-BEDFD9DA01EA} = {83692024-40B5-4BFB-9DA0-BEDFD9DA01EA}
		{0D06374D-3E68-4025-B353-4355663F14DE} = {0D06374D-3E68-4025-B353-4355663F14DE}
		{D0A788A4-E5A1-4AB5-B81E-F10E61C6118A} = {D0A788A4-E5A1-4AB5-B81E-F10E61C6118A}
	EndProjectSection
EndProject
Project("{8BC9CEB8-8B4A-11D0-8D11-00A0C91BC942}") = "sample7_unittest", "sample7_unittest.vcxproj", "{C732BD5D-96C3-4536-AD1A-6307A450A75A}"
	ProjectSection(ProjectDependencies) = postProject
		{83692024-40B5-4BFB-9DA0-BEDFD9DA01EA} = {83692024-40B5-4BFB-9DA0-BEDFD9DA01EA}
		{0D06374D-3E68-4025-B353-4355663F14DE} = {0D06374D-3E68-4025-B353-4355663F14DE}
		{D0A788A4-E5A1-4AB5-B81E-F10E61C6118A} = {D0A788A4-E5A1-4AB5-B81E-F10E61C6118A}
	EndProjectSection
EndProject
Project("{8BC9CEB8-8B4A-11D0-8D11-00A0C91BC942}") = "sample8_unittest", "sample8_unittest.vcxproj", "{8FD2C0FC-55C6-4518-BA26-0D3CF2AFB14A}"
	ProjectSection(ProjectDependencies) = postProject
		{83692024-40B5-4BFB-9DA0-BEDFD9DA01EA} = {83692024-40B5-4BFB-9DA0-BEDFD9DA01EA}
		{0D06374D-3E68-4025-B353-4355663F14DE} = {0D06374D-3E68-4025-B353-4355663F14DE}
		{D0A788A4-E5A1-4AB5-B81E-F10E61C6118A} = {D0A788A4-E5A1-4AB5-B81E-F10E61C6118A}
	EndProjectSection
EndProject
Project("{8BC9CEB8-8B4A-11D0-8D11-00A0C91BC942}") = "sample9_unittest", "sample9_unittest.vcxproj", "{F5608FEC-EF45-4930-9AB1-154A58EE02FF}"
	ProjectSection(ProjectDependencies) = postProject
		{83692024-40B5-4BFB-9DA0-BEDFD9DA01EA} = {83692024-40B5-4BFB-9DA0-BEDFD9DA01EA}
		{0D06374D-3E68-4025-B353-4355663F14DE} = {0D06374D-3E68-4025-B353-4355663F14DE}
	EndProjectSection
EndProject
Global
	GlobalSection(SolutionConfigurationPlatforms) = preSolution
		Debug|Win32 = Debug|Win32
		Release|Win32 = Release|Win32
		MinSizeRel|Win32 = MinSizeRel|Win32
		RelWithDebInfo|Win32 = RelWithDebInfo|Win32
	EndGlobalSection
	GlobalSection(ProjectConfigurationPlatforms) = postSolution
		{8227EDEF-1EB5-4996-860F-2221280533BE}.Debug|Win32.ActiveCfg = Debug|Win32
		{8227EDEF-1EB5-4996-860F-2221280533BE}.Debug|Win32.Build.0 = Debug|Win32
		{8227EDEF-1EB5-4996-860F-2221280533BE}.Release|Win32.ActiveCfg = Release|Win32
		{8227EDEF-1EB5-4996-860F-2221280533BE}.Release|Win32.Build.0 = Release|Win32
		{8227EDEF-1EB5-4996-860F-2221280533BE}.MinSizeRel|Win32.ActiveCfg = MinSizeRel|Win32
		{8227EDEF-1EB5-4996-860F-2221280533BE}.MinSizeRel|Win32.Build.0 = MinSizeRel|Win32
		{8227EDEF-1EB5-4996-860F-2221280533BE}.RelWithDebInfo|Win32.ActiveCfg = RelWithDebInfo|Win32
		{8227EDEF-1EB5-4996-860F-2221280533BE}.RelWithDebInfo|Win32.Build.0 = RelWithDebInfo|Win32
		{FF12FA7A-E5D7-401D-8278-C63E9DFF89DC}.Debug|Win32.ActiveCfg = Debug|Win32
		{FF12FA7A-E5D7-401D-8278-C63E9DFF89DC}.Release|Win32.ActiveCfg = Release|Win32
		{FF12FA7A-E5D7-401D-8278-C63E9DFF89DC}.MinSizeRel|Win32.ActiveCfg = MinSizeRel|Win32
		{FF12FA7A-E5D7-401D-8278-C63E9DFF89DC}.RelWithDebInfo|Win32.ActiveCfg = RelWithDebInfo|Win32
		{C39541CF-884F-4AF3-A114-5666DF039678}.Debug|Win32.ActiveCfg = Debug|Win32
		{C39541CF-884F-4AF3-A114-5666DF039678}.Release|Win32.ActiveCfg = Release|Win32
		{C39541CF-884F-4AF3-A114-5666DF039678}.MinSizeRel|Win32.ActiveCfg = MinSizeRel|Win32
		{C39541CF-884F-4AF3-A114-5666DF039678}.RelWithDebInfo|Win32.ActiveCfg = RelWithDebInfo|Win32
		{83692024-40B5-4BFB-9DA0-BEDFD9DA01EA}.Debug|Win32.ActiveCfg = Debug|Win32
		{83692024-40B5-4BFB-9DA0-BEDFD9DA01EA}.Debug|Win32.Build.0 = Debug|Win32
		{83692024-40B5-4BFB-9DA0-BEDFD9DA01EA}.Release|Win32.ActiveCfg = Release|Win32
		{83692024-40B5-4BFB-9DA0-BEDFD9DA01EA}.Release|Win32.Build.0 = Release|Win32
		{83692024-40B5-4BFB-9DA0-BEDFD9DA01EA}.MinSizeRel|Win32.ActiveCfg = MinSizeRel|Win32
		{83692024-40B5-4BFB-9DA0-BEDFD9DA01EA}.MinSizeRel|Win32.Build.0 = MinSizeRel|Win32
		{83692024-40B5-4BFB-9DA0-BEDFD9DA01EA}.RelWithDebInfo|Win32.ActiveCfg = RelWithDebInfo|Win32
		{83692024-40B5-4BFB-9DA0-BEDFD9DA01EA}.RelWithDebInfo|Win32.Build.0 = RelWithDebInfo|Win32
		{0D06374D-3E68-4025-B353-4355663F14DE}.Debug|Win32.ActiveCfg = Debug|Win32
		{0D06374D-3E68-4025-B353-4355663F14DE}.Debug|Win32.Build.0 = Debug|Win32
		{0D06374D-3E68-4025-B353-4355663F14DE}.Release|Win32.ActiveCfg = Release|Win32
		{0D06374D-3E68-4025-B353-4355663F14DE}.Release|Win32.Build.0 = Release|Win32
		{0D06374D-3E68-4025-B353-4355663F14DE}.MinSizeRel|Win32.ActiveCfg = MinSizeRel|Win32
		{0D06374D-3E68-4025-B353-4355663F14DE}.MinSizeRel|Win32.Build.0 = MinSizeRel|Win32
		{0D06374D-3E68-4025-B353-4355663F14DE}.RelWithDebInfo|Win32.ActiveCfg = RelWithDebInfo|Win32
		{0D06374D-3E68-4025-B353-4355663F14DE}.RelWithDebInfo|Win32.Build.0 = RelWithDebInfo|Win32
		{CE6E72DC-BD61-4056-BEA5-54E626538390}.Debug|Win32.ActiveCfg = Debug|Win32
		{CE6E72DC-BD61-4056-BEA5-54E626538390}.Debug|Win32.Build.0 = Debug|Win32
		{CE6E72DC-BD61-4056-BEA5-54E626538390}.Release|Win32.ActiveCfg = Release|Win32
		{CE6E72DC-BD61-4056-BEA5-54E626538390}.Release|Win32.Build.0 = Release|Win32
		{CE6E72DC-BD61-4056-BEA5-54E626538390}.MinSizeRel|Win32.ActiveCfg = MinSizeRel|Win32
		{CE6E72DC-BD61-4056-BEA5-54E626538390}.MinSizeRel|Win32.Build.0 = MinSizeRel|Win32
		{CE6E72DC-BD61-4056-BEA5-54E626538390}.RelWithDebInfo|Win32.ActiveCfg = RelWithDebInfo|Win32
		{CE6E72DC-BD61-4056-BEA5-54E626538390}.RelWithDebInfo|Win32.Build.0 = RelWithDebInfo|Win32
		{C0053052-B70B-4C46-890A-B8F0CD184936}.Debug|Win32.ActiveCfg = Debug|Win32
		{C0053052-B70B-4C46-890A-B8F0CD184936}.Debug|Win32.Build.0 = Debug|Win32
		{C0053052-B70B-4C46-890A-B8F0CD184936}.Release|Win32.ActiveCfg = Release|Win32
		{C0053052-B70B-4C46-890A-B8F0CD184936}.Release|Win32.Build.0 = Release|Win32
		{C0053052-B70B-4C46-890A-B8F0CD184936}.MinSizeRel|Win32.ActiveCfg = MinSizeRel|Win32
		{C0053052-B70B-4C46-890A-B8F0CD184936}.MinSizeRel|Win32.Build.0 = MinSizeRel|Win32
		{C0053052-B70B-4C46-890A-B8F0CD184936}.RelWithDebInfo|Win32.ActiveCfg = RelWithDebInfo|Win32
		{C0053052-B70B-4C46-890A-B8F0CD184936}.RelWithDebInfo|Win32.Build.0 = RelWithDebInfo|Win32
		{6D9EA8E9-38A3-4459-BD76-B07480578DDA}.Debug|Win32.ActiveCfg = Debug|Win32
		{6D9EA8E9-38A3-4459-BD76-B07480578DDA}.Debug|Win32.Build.0 = Debug|Win32
		{6D9EA8E9-38A3-4459-BD76-B07480578DDA}.Release|Win32.ActiveCfg = Release|Win32
		{6D9EA8E9-38A3-4459-BD76-B07480578DDA}.Release|Win32.Build.0 = Release|Win32
		{6D9EA8E9-38A3-4459-BD76-B07480578DDA}.MinSizeRel|Win32.ActiveCfg = MinSizeRel|Win32
		{6D9EA8E9-38A3-4459-BD76-B07480578DDA}.MinSizeRel|Win32.Build.0 = MinSizeRel|Win32
		{6D9EA8E9-38A3-4459-BD76-B07480578DDA}.RelWithDebInfo|Win32.ActiveCfg = RelWithDebInfo|Win32
		{6D9EA8E9-38A3-4459-BD76-B07480578DDA}.RelWithDebInfo|Win32.Build.0 = RelWithDebInfo|Win32
		{7226A400-1C98-46CF-8AC7-158E73187345}.Debug|Win32.ActiveCfg = Debug|Win32
		{7226A400-1C98-46CF-8AC7-158E73187345}.Debug|Win32.Build.0 = Debug|Win32
		{7226A400-1C98-46CF-8AC7-158E73187345}.Release|Win32.ActiveCfg = Release|Win32
		{7226A400-1C98-46CF-8AC7-158E73187345}.Release|Win32.Build.0 = Release|Win32
		{7226A400-1C98-46CF-8AC7-158E73187345}.MinSizeRel|Win32.ActiveCfg = MinSizeRel|Win32
		{7226A400-1C98-46CF-8AC7-158E73187345}.MinSizeRel|Win32.Build.0 = MinSizeRel|Win32
		{7226A400-1C98-46CF-8AC7-158E73187345}.RelWithDebInfo|Win32.ActiveCfg = RelWithDebInfo|Win32
		{7226A400-1C98-46CF-8AC7-158E73187345}.RelWithDebInfo|Win32.Build.0 = RelWithDebInfo|Win32
		{F23A750E-A68F-44D1-8F51-ED71E0C3FA63}.Debug|Win32.ActiveCfg = Debug|Win32
		{F23A750E-A68F-44D1-8F51-ED71E0C3FA63}.Debug|Win32.Build.0 = Debug|Win32
		{F23A750E-A68F-44D1-8F51-ED71E0C3FA63}.Release|Win32.ActiveCfg = Release|Win32
		{F23A750E-A68F-44D1-8F51-ED71E0C3FA63}.Release|Win32.Build.0 = Release|Win32
		{F23A750E-A68F-44D1-8F51-ED71E0C3FA63}.MinSizeRel|Win32.ActiveCfg = MinSizeRel|Win32
		{F23A750E-A68F-44D1-8F51-ED71E0C3FA63}.MinSizeRel|Win32.Build.0 = MinSizeRel|Win32
		{F23A750E-A68F-44D1-8F51-ED71E0C3FA63}.RelWithDebInfo|Win32.ActiveCfg = RelWithDebInfo|Win32
		{F23A750E-A68F-44D1-8F51-ED71E0C3FA63}.RelWithDebInfo|Win32.Build.0 = RelWithDebInfo|Win32
		{E8ECE9A9-44DA-4A28-A2D0-B1FCC4BF5F4F}.Debug|Win32.ActiveCfg = Debug|Win32
		{E8ECE9A9-44DA-4A28-A2D0-B1FCC4BF5F4F}.Debug|Win32.Build.0 = Debug|Win32
		{E8ECE9A9-44DA-4A28-A2D0-B1FCC4BF5F4F}.Release|Win32.ActiveCfg = Release|Win32
		{E8ECE9A9-44DA-4A28-A2D0-B1FCC4BF5F4F}.Release|Win32.Build.0 = Release|Win32
		{E8ECE9A9-44DA-4A28-A2D0-B1FCC4BF5F4F}.MinSizeRel|Win32.ActiveCfg = MinSizeRel|Win32
		{E8ECE9A9-44DA-4A28-A2D0-B1FCC4BF5F4F}.MinSizeRel|Win32.Build.0 = MinSizeRel|Win32
		{E8ECE9A9-44DA-4A28-A2D0-B1FCC4BF5F4F}.RelWithDebInfo|Win32.ActiveCfg = RelWithDebInfo|Win32
		{E8ECE9A9-44DA-4A28-A2D0-B1FCC4BF5F4F}.RelWithDebInfo|Win32.Build.0 = RelWithDebInfo|Win32
		{D4C241F9-B888-47FA-A7AE-52411AD2EA79}.Debug|Win32.ActiveCfg = Debug|Win32
		{D4C241F9-B888-47FA-A7AE-52411AD2EA79}.Debug|Win32.Build.0 = Debug|Win32
		{D4C241F9-B888-47FA-A7AE-52411AD2EA79}.Release|Win32.ActiveCfg = Release|Win32
		{D4C241F9-B888-47FA-A7AE-52411AD2EA79}.Release|Win32.Build.0 = Release|Win32
		{D4C241F9-B888-47FA-A7AE-52411AD2EA79}.MinSizeRel|Win32.ActiveCfg = MinSizeRel|Win32
		{D4C241F9-B888-47FA-A7AE-52411AD2EA79}.MinSizeRel|Win32.Build.0 = MinSizeRel|Win32
		{D4C241F9-B888-47FA-A7AE-52411AD2EA79}.RelWithDebInfo|Win32.ActiveCfg = RelWithDebInfo|Win32
		{D4C241F9-B888-47FA-A7AE-52411AD2EA79}.RelWithDebInfo|Win32.Build.0 = RelWithDebInfo|Win32
		{0092E68A-1AD5-481D-9A88-3CE3C56F5296}.Debug|Win32.ActiveCfg = Debug|Win32
		{0092E68A-1AD5-481D-9A88-3CE3C56F5296}.Debug|Win32.Build.0 = Debug|Win32
		{0092E68A-1AD5-481D-9A88-3CE3C56F5296}.Release|Win32.ActiveCfg = Release|Win32
		{0092E68A-1AD5-481D-9A88-3CE3C56F5296}.Release|Win32.Build.0 = Release|Win32
		{0092E68A-1AD5-481D-9A88-3CE3C56F5296}.MinSizeRel|Win32.ActiveCfg = MinSizeRel|Win32
		{0092E68A-1AD5-481D-9A88-3CE3C56F5296}.MinSizeRel|Win32.Build.0 = MinSizeRel|Win32
		{0092E68A-1AD5-481D-9A88-3CE3C56F5296}.RelWithDebInfo|Win32.ActiveCfg = RelWithDebInfo|Win32
		{0092E68A-1AD5-481D-9A88-3CE3C56F5296}.RelWithDebInfo|Win32.Build.0 = RelWithDebInfo|Win32
		{080F5BEA-AFF8-4FB2-901A-A5432EEEE688}.Debug|Win32.ActiveCfg = Debug|Win32
		{080F5BEA-AFF8-4FB2-901A-A5432EEEE688}.Debug|Win32.Build.0 = Debug|Win32
		{080F5BEA-AFF8-4FB2-901A-A5432EEEE688}.Release|Win32.ActiveCfg = Release|Win32
		{080F5BEA-AFF8-4FB2-901A-A5432EEEE688}.Release|Win32.Build.0 = Release|Win32
		{080F5BEA-AFF8-4FB2-901A-A5432EEEE688}.MinSizeRel|Win32.ActiveCfg = MinSizeRel|Win32
		{080F5BEA-AFF8-4FB2-901A-A5432EEEE688}.MinSizeRel|Win32.Build.0 = MinSizeRel|Win32
		{080F5BEA-AFF8-4FB2-901A-A5432EEEE688}.RelWithDebInfo|Win32.ActiveCfg = RelWithDebInfo|Win32
		{080F5BEA-AFF8-4FB2-901A-A5432EEEE688}.RelWithDebInfo|Win32.Build.0 = RelWithDebInfo|Win32
		{4EC626F5-B7B0-47DD-B126-373671399534}.Debug|Win32.ActiveCfg = Debug|Win32
		{4EC626F5-B7B0-47DD-B126-373671399534}.Debug|Win32.Build.0 = Debug|Win32
		{4EC626F5-B7B0-47DD-B126-373671399534}.Release|Win32.ActiveCfg = Release|Win32
		{4EC626F5-B7B0-47DD-B126-373671399534}.Release|Win32.Build.0 = Release|Win32
		{4EC626F5-B7B0-47DD-B126-373671399534}.MinSizeRel|Win32.ActiveCfg = MinSizeRel|Win32
		{4EC626F5-B7B0-47DD-B126-373671399534}.MinSizeRel|Win32.Build.0 = MinSizeRel|Win32
		{4EC626F5-B7B0-47DD-B126-373671399534}.RelWithDebInfo|Win32.ActiveCfg = RelWithDebInfo|Win32
		{4EC626F5-B7B0-47DD-B126-373671399534}.RelWithDebInfo|Win32.Build.0 = RelWithDebInfo|Win32
		{C71FD2C2-40F3-4C4E-BEA0-A805657B3500}.Debug|Win32.ActiveCfg = Debug|Win32
		{C71FD2C2-40F3-4C4E-BEA0-A805657B3500}.Debug|Win32.Build.0 = Debug|Win32
		{C71FD2C2-40F3-4C4E-BEA0-A805657B3500}.Release|Win32.ActiveCfg = Release|Win32
		{C71FD2C2-40F3-4C4E-BEA0-A805657B3500}.Release|Win32.Build.0 = Release|Win32
		{C71FD2C2-40F3-4C4E-BEA0-A805657B3500}.MinSizeRel|Win32.ActiveCfg = MinSizeRel|Win32
		{C71FD2C2-40F3-4C4E-BEA0-A805657B3500}.MinSizeRel|Win32.Build.0 = MinSizeRel|Win32
		{C71FD2C2-40F3-4C4E-BEA0-A805657B3500}.RelWithDebInfo|Win32.ActiveCfg = RelWithDebInfo|Win32
		{C71FD2C2-40F3-4C4E-BEA0-A805657B3500}.RelWithDebInfo|Win32.Build.0 = RelWithDebInfo|Win32
		{00E97B46-2555-4A4D-93C3-BF5054ADC962}.Debug|Win32.ActiveCfg = Debug|Win32
		{00E97B46-2555-4A4D-93C3-BF5054ADC962}.Debug|Win32.Build.0 = Debug|Win32
		{00E97B46-2555-4A4D-93C3-BF5054ADC962}.Release|Win32.ActiveCfg = Release|Win32
		{00E97B46-2555-4A4D-93C3-BF5054ADC962}.Release|Win32.Build.0 = Release|Win32
		{00E97B46-2555-4A4D-93C3-BF5054ADC962}.MinSizeRel|Win32.ActiveCfg = MinSizeRel|Win32
		{00E97B46-2555-4A4D-93C3-BF5054ADC962}.MinSizeRel|Win32.Build.0 = MinSizeRel|Win32
		{00E97B46-2555-4A4D-93C3-BF5054ADC962}.RelWithDebInfo|Win32.ActiveCfg = RelWithDebInfo|Win32
		{00E97B46-2555-4A4D-93C3-BF5054ADC962}.RelWithDebInfo|Win32.Build.0 = RelWithDebInfo|Win32
		{8B568CC0-1E38-46F4-9CAF-20BC3D3BDB4A}.Debug|Win32.ActiveCfg = Debug|Win32
		{8B568CC0-1E38-46F4-9CAF-20BC3D3BDB4A}.Debug|Win32.Build.0 = Debug|Win32
		{8B568CC0-1E38-46F4-9CAF-20BC3D3BDB4A}.Release|Win32.ActiveCfg = Release|Win32
		{8B568CC0-1E38-46F4-9CAF-20BC3D3BDB4A}.Release|Win32.Build.0 = Release|Win32
		{8B568CC0-1E38-46F4-9CAF-20BC3D3BDB4A}.MinSizeRel|Win32.ActiveCfg = MinSizeRel|Win32
		{8B568CC0-1E38-46F4-9CAF-20BC3D3BDB4A}.MinSizeRel|Win32.Build.0 = MinSizeRel|Win32
		{8B568CC0-1E38-46F4-9CAF-20BC3D3BDB4A}.RelWithDebInfo|Win32.ActiveCfg = RelWithDebInfo|Win32
		{8B568CC0-1E38-46F4-9CAF-20BC3D3BDB4A}.RelWithDebInfo|Win32.Build.0 = RelWithDebInfo|Win32
		{53E89D84-84A6-4F78-9438-CE85833F246A}.Debug|Win32.ActiveCfg = Debug|Win32
		{53E89D84-84A6-4F78-9438-CE85833F246A}.Debug|Win32.Build.0 = Debug|Win32
		{53E89D84-84A6-4F78-9438-CE85833F246A}.Release|Win32.ActiveCfg = Release|Win32
		{53E89D84-84A6-4F78-9438-CE85833F246A}.Release|Win32.Build.0 = Release|Win32
		{53E89D84-84A6-4F78-9438-CE85833F246A}.MinSizeRel|Win32.ActiveCfg = MinSizeRel|Win32
		{53E89D84-84A6-4F78-9438-CE85833F246A}.MinSizeRel|Win32.Build.0 = MinSizeRel|Win32
		{53E89D84-84A6-4F78-9438-CE85833F246A}.RelWithDebInfo|Win32.ActiveCfg = RelWithDebInfo|Win32
		{53E89D84-84A6-4F78-9438-CE85833F246A}.RelWithDebInfo|Win32.Build.0 = RelWithDebInfo|Win32
		{084B7EA0-5A97-41C6-A9E7-A0B6658BA3CB}.Debug|Win32.ActiveCfg = Debug|Win32
		{084B7EA0-5A97-41C6-A9E7-A0B6658BA3CB}.Debug|Win32.Build.0 = Debug|Win32
		{084B7EA0-5A97-41C6-A9E7-A0B6658BA3CB}.Release|Win32.ActiveCfg = Release|Win32
		{084B7EA0-5A97-41C6-A9E7-A0B6658BA3CB}.Release|Win32.Build.0 = Release|Win32
		{084B7EA0-5A97-41C6-A9E7-A0B6658BA3CB}.MinSizeRel|Win32.ActiveCfg = MinSizeRel|Win32
		{084B7EA0-5A97-41C6-A9E7-A0B6658BA3CB}.MinSizeRel|Win32.Build.0 = MinSizeRel|Win32
		{084B7EA0-5A97-41C6-A9E7-A0B6658BA3CB}.RelWithDebInfo|Win32.ActiveCfg = RelWithDebInfo|Win32
		{084B7EA0-5A97-41C6-A9E7-A0B6658BA3CB}.RelWithDebInfo|Win32.Build.0 = RelWithDebInfo|Win32
		{434A6B11-BE80-453D-8E52-6E92B8F8BB8A}.Debug|Win32.ActiveCfg = Debug|Win32
		{434A6B11-BE80-453D-8E52-6E92B8F8BB8A}.Debug|Win32.Build.0 = Debug|Win32
		{434A6B11-BE80-453D-8E52-6E92B8F8BB8A}.Release|Win32.ActiveCfg = Release|Win32
		{434A6B11-BE80-453D-8E52-6E92B8F8BB8A}.Release|Win32.Build.0 = Release|Win32
		{434A6B11-BE80-453D-8E52-6E92B8F8BB8A}.MinSizeRel|Win32.ActiveCfg = MinSizeRel|Win32
		{434A6B11-BE80-453D-8E52-6E92B8F8BB8A}.MinSizeRel|Win32.Build.0 = MinSizeRel|Win32
		{434A6B11-BE80-453D-8E52-6E92B8F8BB8A}.RelWithDebInfo|Win32.ActiveCfg = RelWithDebInfo|Win32
		{434A6B11-BE80-453D-8E52-6E92B8F8BB8A}.RelWithDebInfo|Win32.Build.0 = RelWithDebInfo|Win32
		{8FF9B185-2E0F-4638-A0F8-637F9A22CD06}.Debug|Win32.ActiveCfg = Debug|Win32
		{8FF9B185-2E0F-4638-A0F8-637F9A22CD06}.Debug|Win32.Build.0 = Debug|Win32
		{8FF9B185-2E0F-4638-A0F8-637F9A22CD06}.Release|Win32.ActiveCfg = Release|Win32
		{8FF9B185-2E0F-4638-A0F8-637F9A22CD06}.Release|Win32.Build.0 = Release|Win32
		{8FF9B185-2E0F-4638-A0F8-637F9A22CD06}.MinSizeRel|Win32.ActiveCfg = MinSizeRel|Win32
		{8FF9B185-2E0F-4638-A0F8-637F9A22CD06}.MinSizeRel|Win32.Build.0 = MinSizeRel|Win32
		{8FF9B185-2E0F-4638-A0F8-637F9A22CD06}.RelWithDebInfo|Win32.ActiveCfg = RelWithDebInfo|Win32
		{8FF9B185-2E0F-4638-A0F8-637F9A22CD06}.RelWithDebInfo|Win32.Build.0 = RelWithDebInfo|Win32
		{00ACB9AB-1E13-4E8A-A89C-9417B9EAE62F}.Debug|Win32.ActiveCfg = Debug|Win32
		{00ACB9AB-1E13-4E8A-A89C-9417B9EAE62F}.Debug|Win32.Build.0 = Debug|Win32
		{00ACB9AB-1E13-4E8A-A89C-9417B9EAE62F}.Release|Win32.ActiveCfg = Release|Win32
		{00ACB9AB-1E13-4E8A-A89C-9417B9EAE62F}.Release|Win32.Build.0 = Release|Win32
		{00ACB9AB-1E13-4E8A-A89C-9417B9EAE62F}.MinSizeRel|Win32.ActiveCfg = MinSizeRel|Win32
		{00ACB9AB-1E13-4E8A-A89C-9417B9EAE62F}.MinSizeRel|Win32.Build.0 = MinSizeRel|Win32
		{00ACB9AB-1E13-4E8A-A89C-9417B9EAE62F}.RelWithDebInfo|Win32.ActiveCfg = RelWithDebInfo|Win32
		{00ACB9AB-1E13-4E8A-A89C-9417B9EAE62F}.RelWithDebInfo|Win32.Build.0 = RelWithDebInfo|Win32
		{0D17E14F-C3BC-4BF5-914C-248E7683FFCC}.Debug|Win32.ActiveCfg = Debug|Win32
		{0D17E14F-C3BC-4BF5-914C-248E7683FFCC}.Debug|Win32.Build.0 = Debug|Win32
		{0D17E14F-C3BC-4BF5-914C-248E7683FFCC}.Release|Win32.ActiveCfg = Release|Win32
		{0D17E14F-C3BC-4BF5-914C-248E7683FFCC}.Release|Win32.Build.0 = Release|Win32
		{0D17E14F-C3BC-4BF5-914C-248E7683FFCC}.MinSizeRel|Win32.ActiveCfg = MinSizeRel|Win32
		{0D17E14F-C3BC-4BF5-914C-248E7683FFCC}.MinSizeRel|Win32.Build.0 = MinSizeRel|Win32
		{0D17E14F-C3BC-4BF5-914C-248E7683FFCC}.RelWithDebInfo|Win32.ActiveCfg = RelWithDebInfo|Win32
		{0D17E14F-C3BC-4BF5-914C-248E7683FFCC}.RelWithDebInfo|Win32.Build.0 = RelWithDebInfo|Win32
		{C5721397-63F0-4D96-B63C-9063EA1AA28E}.Debug|Win32.ActiveCfg = Debug|Win32
		{C5721397-63F0-4D96-B63C-9063EA1AA28E}.Debug|Win32.Build.0 = Debug|Win32
		{C5721397-63F0-4D96-B63C-9063EA1AA28E}.Release|Win32.ActiveCfg = Release|Win32
		{C5721397-63F0-4D96-B63C-9063EA1AA28E}.Release|Win32.Build.0 = Release|Win32
		{C5721397-63F0-4D96-B63C-9063EA1AA28E}.MinSizeRel|Win32.ActiveCfg = MinSizeRel|Win32
		{C5721397-63F0-4D96-B63C-9063EA1AA28E}.MinSizeRel|Win32.Build.0 = MinSizeRel|Win32
		{C5721397-63F0-4D96-B63C-9063EA1AA28E}.RelWithDebInfo|Win32.ActiveCfg = RelWithDebInfo|Win32
		{C5721397-63F0-4D96-B63C-9063EA1AA28E}.RelWithDebInfo|Win32.Build.0 = RelWithDebInfo|Win32
		{452E05C5-7EC3-4A5F-A904-D18D5C382074}.Debug|Win32.ActiveCfg = Debug|Win32
		{452E05C5-7EC3-4A5F-A904-D18D5C382074}.Debug|Win32.Build.0 = Debug|Win32
		{452E05C5-7EC3-4A5F-A904-D18D5C382074}.Release|Win32.ActiveCfg = Release|Win32
		{452E05C5-7EC3-4A5F-A904-D18D5C382074}.Release|Win32.Build.0 = Release|Win32
		{452E05C5-7EC3-4A5F-A904-D18D5C382074}.MinSizeRel|Win32.ActiveCfg = MinSizeRel|Win32
		{452E05C5-7EC3-4A5F-A904-D18D5C382074}.MinSizeRel|Win32.Build.0 = MinSizeRel|Win32
		{452E05C5-7EC3-4A5F-A904-D18D5C382074}.RelWithDebInfo|Win32.ActiveCfg = RelWithDebInfo|Win32
		{452E05C5-7EC3-4A5F-A904-D18D5C382074}.RelWithDebInfo|Win32.Build.0 = RelWithDebInfo|Win32
		{1B996A3C-100D-406E-BC8D-4AF13AF34856}.Debug|Win32.ActiveCfg = Debug|Win32
		{1B996A3C-100D-406E-BC8D-4AF13AF34856}.Debug|Win32.Build.0 = Debug|Win32
		{1B996A3C-100D-406E-BC8D-4AF13AF34856}.Release|Win32.ActiveCfg = Release|Win32
		{1B996A3C-100D-406E-BC8D-4AF13AF34856}.Release|Win32.Build.0 = Release|Win32
		{1B996A3C-100D-406E-BC8D-4AF13AF34856}.MinSizeRel|Win32.ActiveCfg = MinSizeRel|Win32
		{1B996A3C-100D-406E-BC8D-4AF13AF34856}.MinSizeRel|Win32.Build.0 = MinSizeRel|Win32
		{1B996A3C-100D-406E-BC8D-4AF13AF34856}.RelWithDebInfo|Win32.ActiveCfg = RelWithDebInfo|Win32
		{1B996A3C-100D-406E-BC8D-4AF13AF34856}.RelWithDebInfo|Win32.Build.0 = RelWithDebInfo|Win32
		{8BC06EBE-366E-4803-AA17-9A3695D62ECA}.Debug|Win32.ActiveCfg = Debug|Win32
		{8BC06EBE-366E-4803-AA17-9A3695D62ECA}.Debug|Win32.Build.0 = Debug|Win32
		{8BC06EBE-366E-4803-AA17-9A3695D62ECA}.Release|Win32.ActiveCfg = Release|Win32
		{8BC06EBE-366E-4803-AA17-9A3695D62ECA}.Release|Win32.Build.0 = Release|Win32
		{8BC06EBE-366E-4803-AA17-9A3695D62ECA}.MinSizeRel|Win32.ActiveCfg = MinSizeRel|Win32
		{8BC06EBE-366E-4803-AA17-9A3695D62ECA}.MinSizeRel|Win32.Build.0 = MinSizeRel|Win32
		{8BC06EBE-366E-4803-AA17-9A3695D62ECA}.RelWithDebInfo|Win32.ActiveCfg = RelWithDebInfo|Win32
		{8BC06EBE-366E-4803-AA17-9A3695D62ECA}.RelWithDebInfo|Win32.Build.0 = RelWithDebInfo|Win32
		{1801AF20-A3F6-46A2-8749-FB4E9CB2E3A3}.Debug|Win32.ActiveCfg = Debug|Win32
		{1801AF20-A3F6-46A2-8749-FB4E9CB2E3A3}.Debug|Win32.Build.0 = Debug|Win32
		{1801AF20-A3F6-46A2-8749-FB4E9CB2E3A3}.Release|Win32.ActiveCfg = Release|Win32
		{1801AF20-A3F6-46A2-8749-FB4E9CB2E3A3}.Release|Win32.Build.0 = Release|Win32
		{1801AF20-A3F6-46A2-8749-FB4E9CB2E3A3}.MinSizeRel|Win32.ActiveCfg = MinSizeRel|Win32
		{1801AF20-A3F6-46A2-8749-FB4E9CB2E3A3}.MinSizeRel|Win32.Build.0 = MinSizeRel|Win32
		{1801AF20-A3F6-46A2-8749-FB4E9CB2E3A3}.RelWithDebInfo|Win32.ActiveCfg = RelWithDebInfo|Win32
		{1801AF20-A3F6-46A2-8749-FB4E9CB2E3A3}.RelWithDebInfo|Win32.Build.0 = RelWithDebInfo|Win32
		{25E7012A-A0CA-4D59-9617-4B48F9DC0A9A}.Debug|Win32.ActiveCfg = Debug|Win32
		{25E7012A-A0CA-4D59-9617-4B48F9DC0A9A}.Debug|Win32.Build.0 = Debug|Win32
		{25E7012A-A0CA-4D59-9617-4B48F9DC0A9A}.Release|Win32.ActiveCfg = Release|Win32
		{25E7012A-A0CA-4D59-9617-4B48F9DC0A9A}.Release|Win32.Build.0 = Release|Win32
		{25E7012A-A0CA-4D59-9617-4B48F9DC0A9A}.MinSizeRel|Win32.ActiveCfg = MinSizeRel|Win32
		{25E7012A-A0CA-4D59-9617-4B48F9DC0A9A}.MinSizeRel|Win32.Build.0 = MinSizeRel|Win32
		{25E7012A-A0CA-4D59-9617-4B48F9DC0A9A}.RelWithDebInfo|Win32.ActiveCfg = RelWithDebInfo|Win32
		{25E7012A-A0CA-4D59-9617-4B48F9DC0A9A}.RelWithDebInfo|Win32.Build.0 = RelWithDebInfo|Win32
		{D0A788A4-E5A1-4AB5-B81E-F10E61C6118A}.Debug|Win32.ActiveCfg = Debug|Win32
		{D0A788A4-E5A1-4AB5-B81E-F10E61C6118A}.Debug|Win32.Build.0 = Debug|Win32
		{D0A788A4-E5A1-4AB5-B81E-F10E61C6118A}.Release|Win32.ActiveCfg = Release|Win32
		{D0A788A4-E5A1-4AB5-B81E-F10E61C6118A}.Release|Win32.Build.0 = Release|Win32
		{D0A788A4-E5A1-4AB5-B81E-F10E61C6118A}.MinSizeRel|Win32.ActiveCfg = MinSizeRel|Win32
		{D0A788A4-E5A1-4AB5-B81E-F10E61C6118A}.MinSizeRel|Win32.Build.0 = MinSizeRel|Win32
		{D0A788A4-E5A1-4AB5-B81E-F10E61C6118A}.RelWithDebInfo|Win32.ActiveCfg = RelWithDebInfo|Win32
		{D0A788A4-E5A1-4AB5-B81E-F10E61C6118A}.RelWithDebInfo|Win32.Build.0 = RelWithDebInfo|Win32
		{72EE22DD-A5A3-4B4A-8162-E5C18C9DC611}.Debug|Win32.ActiveCfg = Debug|Win32
		{72EE22DD-A5A3-4B4A-8162-E5C18C9DC611}.Debug|Win32.Build.0 = Debug|Win32
		{72EE22DD-A5A3-4B4A-8162-E5C18C9DC611}.Release|Win32.ActiveCfg = Release|Win32
		{72EE22DD-A5A3-4B4A-8162-E5C18C9DC611}.Release|Win32.Build.0 = Release|Win32
		{72EE22DD-A5A3-4B4A-8162-E5C18C9DC611}.MinSizeRel|Win32.ActiveCfg = MinSizeRel|Win32
		{72EE22DD-A5A3-4B4A-8162-E5C18C9DC611}.MinSizeRel|Win32.Build.0 = MinSizeRel|Win32
		{72EE22DD-A5A3-4B4A-8162-E5C18C9DC611}.RelWithDebInfo|Win32.ActiveCfg = RelWithDebInfo|Win32
		{72EE22DD-A5A3-4B4A-8162-E5C18C9DC611}.RelWithDebInfo|Win32.Build.0 = RelWithDebInfo|Win32
		{B8A2FA79-9428-4A7E-992B-47A7DC554921}.Debug|Win32.ActiveCfg = Debug|Win32
		{B8A2FA79-9428-4A7E-992B-47A7DC554921}.Debug|Win32.Build.0 = Debug|Win32
		{B8A2FA79-9428-4A7E-992B-47A7DC554921}.Release|Win32.ActiveCfg = Release|Win32
		{B8A2FA79-9428-4A7E-992B-47A7DC554921}.Release|Win32.Build.0 = Release|Win32
		{B8A2FA79-9428-4A7E-992B-47A7DC554921}.MinSizeRel|Win32.ActiveCfg = MinSizeRel|Win32
		{B8A2FA79-9428-4A7E-992B-47A7DC554921}.MinSizeRel|Win32.Build.0 = MinSizeRel|Win32
		{B8A2FA79-9428-4A7E-992B-47A7DC554921}.RelWithDebInfo|Win32.ActiveCfg = RelWithDebInfo|Win32
		{B8A2FA79-9428-4A7E-992B-47A7DC554921}.RelWithDebInfo|Win32.Build.0 = RelWithDebInfo|Win32
		{D198E710-CF47-4D47-8C30-0571149CE3B8}.Debug|Win32.ActiveCfg = Debug|Win32
		{D198E710-CF47-4D47-8C30-0571149CE3B8}.Debug|Win32.Build.0 = Debug|Win32
		{D198E710-CF47-4D47-8C30-0571149CE3B8}.Release|Win32.ActiveCfg = Release|Win32
		{D198E710-CF47-4D47-8C30-0571149CE3B8}.Release|Win32.Build.0 = Release|Win32
		{D198E710-CF47-4D47-8C30-0571149CE3B8}.MinSizeRel|Win32.ActiveCfg = MinSizeRel|Win32
		{D198E710-CF47-4D47-8C30-0571149CE3B8}.MinSizeRel|Win32.Build.0 = MinSizeRel|Win32
		{D198E710-CF47-4D47-8C30-0571149CE3B8}.RelWithDebInfo|Win32.ActiveCfg = RelWithDebInfo|Win32
		{D198E710-CF47-4D47-8C30-0571149CE3B8}.RelWithDebInfo|Win32.Build.0 = RelWithDebInfo|Win32
		{AC677A9D-1FF7-461B-AF60-5959D2BC178A}.Debug|Win32.ActiveCfg = Debug|Win32
		{AC677A9D-1FF7-461B-AF60-5959D2BC178A}.Debug|Win32.Build.0 = Debug|Win32
		{AC677A9D-1FF7-461B-AF60-5959D2BC178A}.Release|Win32.ActiveCfg = Release|Win32
		{AC677A9D-1FF7-461B-AF60-5959D2BC178A}.Release|Win32.Build.0 = Release|Win32
		{AC677A9D-1FF7-461B-AF60-5959D2BC178A}.MinSizeRel|Win32.ActiveCfg = MinSizeRel|Win32
		{AC677A9D-1FF7-461B-AF60-5959D2BC178A}.MinSizeRel|Win32.Build.0 = MinSizeRel|Win32
		{AC677A9D-1FF7-461B-AF60-5959D2BC178A}.RelWithDebInfo|Win32.ActiveCfg = RelWithDebInfo|Win32
		{AC677A9D-1FF7-461B-AF60-5959D2BC178A}.RelWithDebInfo|Win32.Build.0 = RelWithDebInfo|Win32
		{B4A2119F-DB23-454B-BF8F-ACE774AFD04B}.Debug|Win32.ActiveCfg = Debug|Win32
		{B4A2119F-DB23-454B-BF8F-ACE774AFD04B}.Debug|Win32.Build.0 = Debug|Win32
		{B4A2119F-DB23-454B-BF8F-ACE774AFD04B}.Release|Win32.ActiveCfg = Release|Win32
		{B4A2119F-DB23-454B-BF8F-ACE774AFD04B}.Release|Win32.Build.0 = Release|Win32
		{B4A2119F-DB23-454B-BF8F-ACE774AFD04B}.MinSizeRel|Win32.ActiveCfg = MinSizeRel|Win32
		{B4A2119F-DB23-454B-BF8F-ACE774AFD04B}.MinSizeRel|Win32.Build.0 = MinSizeRel|Win32
		{B4A2119F-DB23-454B-BF8F-ACE774AFD04B}.RelWithDebInfo|Win32.ActiveCfg = RelWithDebInfo|Win32
		{B4A2119F-DB23-454B-BF8F-ACE774AFD04B}.RelWithDebInfo|Win32.Build.0 = RelWithDebInfo|Win32
		{2CC2EA00-D85F-4215-B508-02E8067328AE}.Debug|Win32.ActiveCfg = Debug|Win32
		{2CC2EA00-D85F-4215-B508-02E8067328AE}.Debug|Win32.Build.0 = Debug|Win32
		{2CC2EA00-D85F-4215-B508-02E8067328AE}.Release|Win32.ActiveCfg = Release|Win32
		{2CC2EA00-D85F-4215-B508-02E8067328AE}.Release|Win32.Build.0 = Release|Win32
		{2CC2EA00-D85F-4215-B508-02E8067328AE}.MinSizeRel|Win32.ActiveCfg = MinSizeRel|Win32
		{2CC2EA00-D85F-4215-B508-02E8067328AE}.MinSizeRel|Win32.Build.0 = MinSizeRel|Win32
		{2CC2EA00-D85F-4215-B508-02E8067328AE}.RelWithDebInfo|Win32.ActiveCfg = RelWithDebInfo|Win32
		{2CC2EA00-D85F-4215-B508-02E8067328AE}.RelWithDebInfo|Win32.Build.0 = RelWithDebInfo|Win32
		{1F9D2C21-35FE-4294-BE07-7C971EFB1592}.Debug|Win32.ActiveCfg = Debug|Win32
		{1F9D2C21-35FE-4294-BE07-7C971EFB1592}.Debug|Win32.Build.0 = Debug|Win32
		{1F9D2C21-35FE-4294-BE07-7C971EFB1592}.Release|Win32.ActiveCfg = Release|Win32
		{1F9D2C21-35FE-4294-BE07-7C971EFB1592}.Release|Win32.Build.0 = Release|Win32
		{1F9D2C21-35FE-4294-BE07-7C971EFB1592}.MinSizeRel|Win32.ActiveCfg = MinSizeRel|Win32
		{1F9D2C21-35FE-4294-BE07-7C971EFB1592}.MinSizeRel|Win32.Build.0 = MinSizeRel|Win32
		{1F9D2C21-35FE-4294-BE07-7C971EFB1592}.RelWithDebInfo|Win32.ActiveCfg = RelWithDebInfo|Win32
		{1F9D2C21-35FE-4294-BE07-7C971EFB1592}.RelWithDebInfo|Win32.Build.0 = RelWithDebInfo|Win32
		{C5E89E79-A97D-4E06-BC35-A87F3B7B9FF9}.Debug|Win32.ActiveCfg = Debug|Win32
		{C5E89E79-A97D-4E06-BC35-A87F3B7B9FF9}.Debug|Win32.Build.0 = Debug|Win32
		{C5E89E79-A97D-4E06-BC35-A87F3B7B9FF9}.Release|Win32.ActiveCfg = Release|Win32
		{C5E89E79-A97D-4E06-BC35-A87F3B7B9FF9}.Release|Win32.Build.0 = Release|Win32
		{C5E89E79-A97D-4E06-BC35-A87F3B7B9FF9}.MinSizeRel|Win32.ActiveCfg = MinSizeRel|Win32
		{C5E89E79-A97D-4E06-BC35-A87F3B7B9FF9}.MinSizeRel|Win32.Build.0 = MinSizeRel|Win32
		{C5E89E79-A97D-4E06-BC35-A87F3B7B9FF9}.RelWithDebInfo|Win32.ActiveCfg = RelWithDebInfo|Win32
		{C5E89E79-A97D-4E06-BC35-A87F3B7B9FF9}.RelWithDebInfo|Win32.Build.0 = RelWithDebInfo|Win32
		{C65FBF81-C0DC-4A41-9EAA-8E08B8BF5537}.Debug|Win32.ActiveCfg = Debug|Win32
		{C65FBF81-C0DC-4A41-9EAA-8E08B8BF5537}.Debug|Win32.Build.0 = Debug|Win32
		{C65FBF81-C0DC-4A41-9EAA-8E08B8BF5537}.Release|Win32.ActiveCfg = Release|Win32
		{C65FBF81-C0DC-4A41-9EAA-8E08B8BF5537}.Release|Win32.Build.0 = Release|Win32
		{C65FBF81-C0DC-4A41-9EAA-8E08B8BF5537}.MinSizeRel|Win32.ActiveCfg = MinSizeRel|Win32
		{C65FBF81-C0DC-4A41-9EAA-8E08B8BF5537}.MinSizeRel|Win32.Build.0 = MinSizeRel|Win32
		{C65FBF81-C0DC-4A41-9EAA-8E08B8BF5537}.RelWithDebInfo|Win32.ActiveCfg = RelWithDebInfo|Win32
		{C65FBF81-C0DC-4A41-9EAA-8E08B8BF5537}.RelWithDebInfo|Win32.Build.0 = RelWithDebInfo|Win32
		{7E8C3888-4B2A-408F-B3D1-341D26AAAA60}.Debug|Win32.ActiveCfg = Debug|Win32
		{7E8C3888-4B2A-408F-B3D1-341D26AAAA60}.Debug|Win32.Build.0 = Debug|Win32
		{7E8C3888-4B2A-408F-B3D1-341D26AAAA60}.Release|Win32.ActiveCfg = Release|Win32
		{7E8C3888-4B2A-408F-B3D1-341D26AAAA60}.Release|Win32.Build.0 = Release|Win32
		{7E8C3888-4B2A-408F-B3D1-341D26AAAA60}.MinSizeRel|Win32.ActiveCfg = MinSizeRel|Win32
		{7E8C3888-4B2A-408F-B3D1-341D26AAAA60}.MinSizeRel|Win32.Build.0 = MinSizeRel|Win32
		{7E8C3888-4B2A-408F-B3D1-341D26AAAA60}.RelWithDebInfo|Win32.ActiveCfg = RelWithDebInfo|Win32
		{7E8C3888-4B2A-408F-B3D1-341D26AAAA60}.RelWithDebInfo|Win32.Build.0 = RelWithDebInfo|Win32
		{C0CF0335-71C3-403B-8DEB-23157302FB23}.Debug|Win32.ActiveCfg = Debug|Win32
		{C0CF0335-71C3-403B-8DEB-23157302FB23}.Debug|Win32.Build.0 = Debug|Win32
		{C0CF0335-71C3-403B-8DEB-23157302FB23}.Release|Win32.ActiveCfg = Release|Win32
		{C0CF0335-71C3-403B-8DEB-23157302FB23}.Release|Win32.Build.0 = Release|Win32
		{C0CF0335-71C3-403B-8DEB-23157302FB23}.MinSizeRel|Win32.ActiveCfg = MinSizeRel|Win32
		{C0CF0335-71C3-403B-8DEB-23157302FB23}.MinSizeRel|Win32.Build.0 = MinSizeRel|Win32
		{C0CF0335-71C3-403B-8DEB-23157302FB23}.RelWithDebInfo|Win32.ActiveCfg = RelWithDebInfo|Win32
		{C0CF0335-71C3-403B-8DEB-23157302FB23}.RelWithDebInfo|Win32.Build.0 = RelWithDebInfo|Win32
		{3C547402-6955-4C97-A1D7-D7C11A884DE2}.Debug|Win32.ActiveCfg = Debug|Win32
		{3C547402-6955-4C97-A1D7-D7C11A884DE2}.Debug|Win32.Build.0 = Debug|Win32
		{3C547402-6955-4C97-A1D7-D7C11A884DE2}.Release|Win32.ActiveCfg = Release|Win32
		{3C547402-6955-4C97-A1D7-D7C11A884DE2}.Release|Win32.Build.0 = Release|Win32
		{3C547402-6955-4C97-A1D7-D7C11A884DE2}.MinSizeRel|Win32.ActiveCfg = MinSizeRel|Win32
		{3C547402-6955-4C97-A1D7-D7C11A884DE2}.MinSizeRel|Win32.Build.0 = MinSizeRel|Win32
		{3C547402-6955-4C97-A1D7-D7C11A884DE2}.RelWithDebInfo|Win32.ActiveCfg = RelWithDebInfo|Win32
		{3C547402-6955-4C97-A1D7-D7C11A884DE2}.RelWithDebInfo|Win32.Build.0 = RelWithDebInfo|Win32
		{39EF7E76-CB7F-41F5-938D-95C2D7C9BCB2}.Debug|Win32.ActiveCfg = Debug|Win32
		{39EF7E76-CB7F-41F5-938D-95C2D7C9BCB2}.Debug|Win32.Build.0 = Debug|Win32
		{39EF7E76-CB7F-41F5-938D-95C2D7C9BCB2}.Release|Win32.ActiveCfg = Release|Win32
		{39EF7E76-CB7F-41F5-938D-95C2D7C9BCB2}.Release|Win32.Build.0 = Release|Win32
		{39EF7E76-CB7F-41F5-938D-95C2D7C9BCB2}.MinSizeRel|Win32.ActiveCfg = MinSizeRel|Win32
		{39EF7E76-CB7F-41F5-938D-95C2D7C9BCB2}.MinSizeRel|Win32.Build.0 = MinSizeRel|Win32
		{39EF7E76-CB7F-41F5-938D-95C2D7C9BCB2}.RelWithDebInfo|Win32.ActiveCfg = RelWithDebInfo|Win32
		{39EF7E76-CB7F-41F5-938D-95C2D7C9BCB2}.RelWithDebInfo|Win32.Build.0 = RelWithDebInfo|Win32
		{2FE7BA26-76E7-4365-8688-6962FF1BDAE6}.Debug|Win32.ActiveCfg = Debug|Win32
		{2FE7BA26-76E7-4365-8688-6962FF1BDAE6}.Debug|Win32.Build.0 = Debug|Win32
		{2FE7BA26-76E7-4365-8688-6962FF1BDAE6}.Release|Win32.ActiveCfg = Release|Win32
		{2FE7BA26-76E7-4365-8688-6962FF1BDAE6}.Release|Win32.Build.0 = Release|Win32
		{2FE7BA26-76E7-4365-8688-6962FF1BDAE6}.MinSizeRel|Win32.ActiveCfg = MinSizeRel|Win32
		{2FE7BA26-76E7-4365-8688-6962FF1BDAE6}.MinSizeRel|Win32.Build.0 = MinSizeRel|Win32
		{2FE7BA26-76E7-4365-8688-6962FF1BDAE6}.RelWithDebInfo|Win32.ActiveCfg = RelWithDebInfo|Win32
		{2FE7BA26-76E7-4365-8688-6962FF1BDAE6}.RelWithDebInfo|Win32.Build.0 = RelWithDebInfo|Win32
		{61841413-D3A6-4B35-A613-F342F253A67A}.Debug|Win32.ActiveCfg = Debug|Win32
		{61841413-D3A6-4B35-A613-F342F253A67A}.Debug|Win32.Build.0 = Debug|Win32
		{61841413-D3A6-4B35-A613-F342F253A67A}.Release|Win32.ActiveCfg = Release|Win32
		{61841413-D3A6-4B35-A613-F342F253A67A}.Release|Win32.Build.0 = Release|Win32
		{61841413-D3A6-4B35-A613-F342F253A67A}.MinSizeRel|Win32.ActiveCfg = MinSizeRel|Win32
		{61841413-D3A6-4B35-A613-F342F253A67A}.MinSizeRel|Win32.Build.0 = MinSizeRel|Win32
		{61841413-D3A6-4B35-A613-F342F253A67A}.RelWithDebInfo|Win32.ActiveCfg = RelWithDebInfo|Win32
		{61841413-D3A6-4B35-A613-F342F253A67A}.RelWithDebInfo|Win32.Build.0 = RelWithDebInfo|Win32
		{A37ED4A4-AF50-4546-9CDD-AB1EA24628D4}.Debug|Win32.ActiveCfg = Debug|Win32
		{A37ED4A4-AF50-4546-9CDD-AB1EA24628D4}.Debug|Win32.Build.0 = Debug|Win32
		{A37ED4A4-AF50-4546-9CDD-AB1EA24628D4}.Release|Win32.ActiveCfg = Release|Win32
		{A37ED4A4-AF50-4546-9CDD-AB1EA24628D4}.Release|Win32.Build.0 = Release|Win32
		{A37ED4A4-AF50-4546-9CDD-AB1EA24628D4}.MinSizeRel|Win32.ActiveCfg = MinSizeRel|Win32
		{A37ED4A4-AF50-4546-9CDD-AB1EA24628D4}.MinSizeRel|Win32.Build.0 = MinSizeRel|Win32
		{A37ED4A4-AF50-4546-9CDD-AB1EA24628D4}.RelWithDebInfo|Win32.ActiveCfg = RelWithDebInfo|Win32
		{A37ED4A4-AF50-4546-9CDD-AB1EA24628D4}.RelWithDebInfo|Win32.Build.0 = RelWithDebInfo|Win32
		{48050885-F1F2-4FE0-BBAA-40765B544697}.Debug|Win32.ActiveCfg = Debug|Win32
		{48050885-F1F2-4FE0-BBAA-40765B544697}.Debug|Win32.Build.0 = Debug|Win32
		{48050885-F1F2-4FE0-BBAA-40765B544697}.Release|Win32.ActiveCfg = Release|Win32
		{48050885-F1F2-4FE0-BBAA-40765B544697}.Release|Win32.Build.0 = Release|Win32
		{48050885-F1F2-4FE0-BBAA-40765B544697}.MinSizeRel|Win32.ActiveCfg = MinSizeRel|Win32
		{48050885-F1F2-4FE0-BBAA-40765B544697}.MinSizeRel|Win32.Build.0 = MinSizeRel|Win32
		{48050885-F1F2-4FE0-BBAA-40765B544697}.RelWithDebInfo|Win32.ActiveCfg = RelWithDebInfo|Win32
		{48050885-F1F2-4FE0-BBAA-40765B544697}.RelWithDebInfo|Win32.Build.0 = RelWithDebInfo|Win32
		{C95BE026-117A-4147-9996-8C19B3293DA9}.Debug|Win32.ActiveCfg = Debug|Win32
		{C95BE026-117A-4147-9996-8C19B3293DA9}.Debug|Win32.Build.0 = Debug|Win32
		{C95BE026-117A-4147-9996-8C19B3293DA9}.Release|Win32.ActiveCfg = Release|Win32
		{C95BE026-117A-4147-9996-8C19B3293DA9}.Release|Win32.Build.0 = Release|Win32
		{C95BE026-117A-4147-9996-8C19B3293DA9}.MinSizeRel|Win32.ActiveCfg = MinSizeRel|Win32
		{C95BE026-117A-4147-9996-8C19B3293DA9}.MinSizeRel|Win32.Build.0 = MinSizeRel|Win32
		{C95BE026-117A-4147-9996-8C19B3293DA9}.RelWithDebInfo|Win32.ActiveCfg = RelWithDebInfo|Win32
		{C95BE026-117A-4147-9996-8C19B3293DA9}.RelWithDebInfo|Win32.Build.0 = RelWithDebInfo|Win32
		{C4B89FFC-4F04-498A-B309-1B7B0DDD7C2F}.Debug|Win32.ActiveCfg = Debug|Win32
		{C4B89FFC-4F04-498A-B309-1B7B0DDD7C2F}.Debug|Win32.Build.0 = Debug|Win32
		{C4B89FFC-4F04-498A-B309-1B7B0DDD7C2F}.Release|Win32.ActiveCfg = Release|Win32
		{C4B89FFC-4F04-498A-B309-1B7B0DDD7C2F}.Release|Win32.Build.0 = Release|Win32
		{C4B89FFC-4F04-498A-B309-1B7B0DDD7C2F}.MinSizeRel|Win32.ActiveCfg = MinSizeRel|Win32
		{C4B89FFC-4F04-498A-B309-1B7B0DDD7C2F}.MinSizeRel|Win32.Build.0 = MinSizeRel|Win32
		{C4B89FFC-4F04-498A-B309-1B7B0DDD7C2F}.RelWithDebInfo|Win32.ActiveCfg = RelWithDebInfo|Win32
		{C4B89FFC-4F04-498A-B309-1B7B0DDD7C2F}.RelWithDebInfo|Win32.Build.0 = RelWithDebInfo|Win32
		{B2D6DCAD-826B-42FF-8168-6D75C130D98F}.Debug|Win32.ActiveCfg = Debug|Win32
		{B2D6DCAD-826B-42FF-8168-6D75C130D98F}.Debug|Win32.Build.0 = Debug|Win32
		{B2D6DCAD-826B-42FF-8168-6D75C130D98F}.Release|Win32.ActiveCfg = Release|Win32
		{B2D6DCAD-826B-42FF-8168-6D75C130D98F}.Release|Win32.Build.0 = Release|Win32
		{B2D6DCAD-826B-42FF-8168-6D75C130D98F}.MinSizeRel|Win32.ActiveCfg = MinSizeRel|Win32
		{B2D6DCAD-826B-42FF-8168-6D75C130D98F}.MinSizeRel|Win32.Build.0 = MinSizeRel|Win32
		{B2D6DCAD-826B-42FF-8168-6D75C130D98F}.RelWithDebInfo|Win32.ActiveCfg = RelWithDebInfo|Win32
		{B2D6DCAD-826B-42FF-8168-6D75C130D98F}.RelWithDebInfo|Win32.Build.0 = RelWithDebInfo|Win32
		{390FD029-6BB3-4AF6-971C-B1AFC3ADF503}.Debug|Win32.ActiveCfg = Debug|Win32
		{390FD029-6BB3-4AF6-971C-B1AFC3ADF503}.Debug|Win32.Build.0 = Debug|Win32
		{390FD029-6BB3-4AF6-971C-B1AFC3ADF503}.Release|Win32.ActiveCfg = Release|Win32
		{390FD029-6BB3-4AF6-971C-B1AFC3ADF503}.Release|Win32.Build.0 = Release|Win32
		{390FD029-6BB3-4AF6-971C-B1AFC3ADF503}.MinSizeRel|Win32.ActiveCfg = MinSizeRel|Win32
		{390FD029-6BB3-4AF6-971C-B1AFC3ADF503}.MinSizeRel|Win32.Build.0 = MinSizeRel|Win32
		{390FD029-6BB3-4AF6-971C-B1AFC3ADF503}.RelWithDebInfo|Win32.ActiveCfg = RelWithDebInfo|Win32
		{390FD029-6BB3-4AF6-971C-B1AFC3ADF503}.RelWithDebInfo|Win32.Build.0 = RelWithDebInfo|Win32
		{D8A7A6D7-8C43-43F0-8B51-766AA6BC4BD0}.Debug|Win32.ActiveCfg = Debug|Win32
		{D8A7A6D7-8C43-43F0-8B51-766AA6BC4BD0}.Debug|Win32.Build.0 = Debug|Win32
		{D8A7A6D7-8C43-43F0-8B51-766AA6BC4BD0}.Release|Win32.ActiveCfg = Release|Win32
		{D8A7A6D7-8C43-43F0-8B51-766AA6BC4BD0}.Release|Win32.Build.0 = Release|Win32
		{D8A7A6D7-8C43-43F0-8B51-766AA6BC4BD0}.MinSizeRel|Win32.ActiveCfg = MinSizeRel|Win32
		{D8A7A6D7-8C43-43F0-8B51-766AA6BC4BD0}.MinSizeRel|Win32.Build.0 = MinSizeRel|Win32
		{D8A7A6D7-8C43-43F0-8B51-766AA6BC4BD0}.RelWithDebInfo|Win32.ActiveCfg = RelWithDebInfo|Win32
		{D8A7A6D7-8C43-43F0-8B51-766AA6BC4BD0}.RelWithDebInfo|Win32.Build.0 = RelWithDebInfo|Win32
		{C87E2C3C-4DB1-4CEA-AAFC-385D1301C45A}.Debug|Win32.ActiveCfg = Debug|Win32
		{C87E2C3C-4DB1-4CEA-AAFC-385D1301C45A}.Debug|Win32.Build.0 = Debug|Win32
		{C87E2C3C-4DB1-4CEA-AAFC-385D1301C45A}.Release|Win32.ActiveCfg = Release|Win32
		{C87E2C3C-4DB1-4CEA-AAFC-385D1301C45A}.Release|Win32.Build.0 = Release|Win32
		{C87E2C3C-4DB1-4CEA-AAFC-385D1301C45A}.MinSizeRel|Win32.ActiveCfg = MinSizeRel|Win32
		{C87E2C3C-4DB1-4CEA-AAFC-385D1301C45A}.MinSizeRel|Win32.Build.0 = MinSizeRel|Win32
		{C87E2C3C-4DB1-4CEA-AAFC-385D1301C45A}.RelWithDebInfo|Win32.ActiveCfg = RelWithDebInfo|Win32
		{C87E2C3C-4DB1-4CEA-AAFC-385D1301C45A}.RelWithDebInfo|Win32.Build.0 = RelWithDebInfo|Win32
		{7371C9DA-767C-42E6-8737-121CCF2EB8B7}.Debug|Win32.ActiveCfg = Debug|Win32
		{7371C9DA-767C-42E6-8737-121CCF2EB8B7}.Debug|Win32.Build.0 = Debug|Win32
		{7371C9DA-767C-42E6-8737-121CCF2EB8B7}.Release|Win32.ActiveCfg = Release|Win32
		{7371C9DA-767C-42E6-8737-121CCF2EB8B7}.Release|Win32.Build.0 = Release|Win32
		{7371C9DA-767C-42E6-8737-121CCF2EB8B7}.MinSizeRel|Win32.ActiveCfg = MinSizeRel|Win32
		{7371C9DA-767C-42E6-8737-121CCF2EB8B7}.MinSizeRel|Win32.Build.0 = MinSizeRel|Win32
		{7371C9DA-767C-42E6-8737-121CCF2EB8B7}.RelWithDebInfo|Win32.ActiveCfg = RelWithDebInfo|Win32
		{7371C9DA-767C-42E6-8737-121CCF2EB8B7}.RelWithDebInfo|Win32.Build.0 = RelWithDebInfo|Win32
		{2A9AA756-1212-4DDB-96F8-ED41EADCC851}.Debug|Win32.ActiveCfg = Debug|Win32
		{2A9AA756-1212-4DDB-96F8-ED41EADCC851}.Debug|Win32.Build.0 = Debug|Win32
		{2A9AA756-1212-4DDB-96F8-ED41EADCC851}.Release|Win32.ActiveCfg = Release|Win32
		{2A9AA756-1212-4DDB-96F8-ED41EADCC851}.Release|Win32.Build.0 = Release|Win32
		{2A9AA756-1212-4DDB-96F8-ED41EADCC851}.MinSizeRel|Win32.ActiveCfg = MinSizeRel|Win32
		{2A9AA756-1212-4DDB-96F8-ED41EADCC851}.MinSizeRel|Win32.Build.0 = MinSizeRel|Win32
		{2A9AA756-1212-4DDB-96F8-ED41EADCC851}.RelWithDebInfo|Win32.ActiveCfg = RelWithDebInfo|Win32
		{2A9AA756-1212-4DDB-96F8-ED41EADCC851}.RelWithDebInfo|Win32.Build.0 = RelWithDebInfo|Win32
		{C4EA8238-0E86-4BDE-ADB2-5FE31EF3E771}.Debug|Win32.ActiveCfg = Debug|Win32
		{C4EA8238-0E86-4BDE-ADB2-5FE31EF3E771}.Debug|Win32.Build.0 = Debug|Win32
		{C4EA8238-0E86-4BDE-ADB2-5FE31EF3E771}.Release|Win32.ActiveCfg = Release|Win32
		{C4EA8238-0E86-4BDE-ADB2-5FE31EF3E771}.Release|Win32.Build.0 = Release|Win32
		{C4EA8238-0E86-4BDE-ADB2-5FE31EF3E771}.MinSizeRel|Win32.ActiveCfg = MinSizeRel|Win32
		{C4EA8238-0E86-4BDE-ADB2-5FE31EF3E771}.MinSizeRel|Win32.Build.0 = MinSizeRel|Win32
		{C4EA8238-0E86-4BDE-ADB2-5FE31EF3E771}.RelWithDebInfo|Win32.ActiveCfg = RelWithDebInfo|Win32
		{C4EA8238-0E86-4BDE-ADB2-5FE31EF3E771}.RelWithDebInfo|Win32.Build.0 = RelWithDebInfo|Win32
		{1CAE9548-E9B4-4D2A-8005-9626B0A17106}.Debug|Win32.ActiveCfg = Debug|Win32
		{1CAE9548-E9B4-4D2A-8005-9626B0A17106}.Debug|Win32.Build.0 = Debug|Win32
		{1CAE9548-E9B4-4D2A-8005-9626B0A17106}.Release|Win32.ActiveCfg = Release|Win32
		{1CAE9548-E9B4-4D2A-8005-9626B0A17106}.Release|Win32.Build.0 = Release|Win32
		{1CAE9548-E9B4-4D2A-8005-9626B0A17106}.MinSizeRel|Win32.ActiveCfg = MinSizeRel|Win32
		{1CAE9548-E9B4-4D2A-8005-9626B0A17106}.MinSizeRel|Win32.Build.0 = MinSizeRel|Win32
		{1CAE9548-E9B4-4D2A-8005-9626B0A17106}.RelWithDebInfo|Win32.ActiveCfg = RelWithDebInfo|Win32
		{1CAE9548-E9B4-4D2A-8005-9626B0A17106}.RelWithDebInfo|Win32.Build.0 = RelWithDebInfo|Win32
		{8B2E4BC9-3A8E-4689-9486-4250E89F7933}.Debug|Win32.ActiveCfg = Debug|Win32
		{8B2E4BC9-3A8E-4689-9486-4250E89F7933}.Debug|Win32.Build.0 = Debug|Win32
		{8B2E4BC9-3A8E-4689-9486-4250E89F7933}.Release|Win32.ActiveCfg = Release|Win32
		{8B2E4BC9-3A8E-4689-9486-4250E89F7933}.Release|Win32.Build.0 = Release|Win32
		{8B2E4BC9-3A8E-4689-9486-4250E89F7933}.MinSizeRel|Win32.ActiveCfg = MinSizeRel|Win32
		{8B2E4BC9-3A8E-4689-9486-4250E89F7933}.MinSizeRel|Win32.Build.0 = MinSizeRel|Win32
		{8B2E4BC9-3A8E-4689-9486-4250E89F7933}.RelWithDebInfo|Win32.ActiveCfg = RelWithDebInfo|Win32
		{8B2E4BC9-3A8E-4689-9486-4250E89F7933}.RelWithDebInfo|Win32.Build.0 = RelWithDebInfo|Win32
		{C732BD5D-96C3-4536-AD1A-6307A450A75A}.Debug|Win32.ActiveCfg = Debug|Win32
		{C732BD5D-96C3-4536-AD1A-6307A450A75A}.Debug|Win32.Build.0 = Debug|Win32
		{C732BD5D-96C3-4536-AD1A-6307A450A75A}.Release|Win32.ActiveCfg = Release|Win32
		{C732BD5D-96C3-4536-AD1A-6307A450A75A}.Release|Win32.Build.0 = Release|Win32
		{C732BD5D-96C3-4536-AD1A-6307A450A75A}.MinSizeRel|Win32.ActiveCfg = MinSizeRel|Win32
		{C732BD5D-96C3-4536-AD1A-6307A450A75A}.MinSizeRel|Win32.Build.0 = MinSizeRel|Win32
		{C732BD5D-96C3-4536-AD1A-6307A450A75A}.RelWithDebInfo|Win32.ActiveCfg = RelWithDebInfo|Win32
		{C732BD5D-96C3-4536-AD1A-6307A450A75A}.RelWithDebInfo|Win32.Build.0 = RelWithDebInfo|Win32
		{8FD2C0FC-55C6-4518-BA26-0D3CF2AFB14A}.Debug|Win32.ActiveCfg = Debug|Win32
		{8FD2C0FC-55C6-4518-BA26-0D3CF2AFB14A}.Debug|Win32.Build.0 = Debug|Win32
		{8FD2C0FC-55C6-4518-BA26-0D3CF2AFB14A}.Release|Win32.ActiveCfg = Release|Win32
		{8FD2C0FC-55C6-4518-BA26-0D3CF2AFB14A}.Release|Win32.Build.0 = Release|Win32
		{8FD2C0FC-55C6-4518-BA26-0D3CF2AFB14A}.MinSizeRel|Win32.ActiveCfg = MinSizeRel|Win32
		{8FD2C0FC-55C6-4518-BA26-0D3CF2AFB14A}.MinSizeRel|Win32.Build.0 = MinSizeRel|Win32
		{8FD2C0FC-55C6-4518-BA26-0D3CF2AFB14A}.RelWithDebInfo|Win32.ActiveCfg = RelWithDebInfo|Win32
		{8FD2C0FC-55C6-4518-BA26-0D3CF2AFB14A}.RelWithDebInfo|Win32.Build.0 = RelWithDebInfo|Win32
		{F5608FEC-EF45-4930-9AB1-154A58EE02FF}.Debug|Win32.ActiveCfg = Debug|Win32
		{F5608FEC-EF45-4930-9AB1-154A58EE02FF}.Debug|Win32.Build.0 = Debug|Win32
		{F5608FEC-EF45-4930-9AB1-154A58EE02FF}.Release|Win32.ActiveCfg = Release|Win32
		{F5608FEC-EF45-4930-9AB1-154A58EE02FF}.Release|Win32.Build.0 = Release|Win32
		{F5608FEC-EF45-4930-9AB1-154A58EE02FF}.MinSizeRel|Win32.ActiveCfg = MinSizeRel|Win32
		{F5608FEC-EF45-4930-9AB1-154A58EE02FF}.MinSizeRel|Win32.Build.0 = MinSizeRel|Win32
		{F5608FEC-EF45-4930-9AB1-154A58EE02FF}.RelWithDebInfo|Win32.ActiveCfg = RelWithDebInfo|Win32
		{F5608FEC-EF45-4930-9AB1-154A58EE02FF}.RelWithDebInfo|Win32.Build.0 = RelWithDebInfo|Win32
	EndGlobalSection
	GlobalSection(ExtensibilityGlobals) = postSolution
	EndGlobalSection
	GlobalSection(ExtensibilityAddIns) = postSolution
	EndGlobalSection
EndGlobal
