<?xml version="1.0" encoding="UTF-8"?>
<Project ToolsVersion="12.0" xmlns="http://schemas.microsoft.com/developer/msbuild/2003">
  <ItemGroup>
    <CustomBuild Include="E:\Projects\MyTest\MyCustomSharedPointer\googletest\googletest\buildoutput\CMakeFiles\81bb6d3af1e0b7e79ef13687d7484698\RUN_TESTS_force.rule">
      <Filter>CMake Rules</Filter>
    </CustomBuild>
  </ItemGroup>
  <ItemGroup>
    <Filter Include="CMake Rules">
      <UniqueIdentifier>{E13C040A-166E-4EC8-9D38-F2062659123B}</UniqueIdentifier>
    </Filter>
  </ItemGroup>
</Project>
